
Microsoft Visual Studio Solution File, Format Version 12.00
# Visual Studio Version 17
VisualStudioVersion = 17.0.31903.59
MinimumVisualStudioVersion = 10.0.40219.1
Project("{2150E333-8FDC-42A3-9474-1A3956D46DE8}") = "Shared", "Shared", "{E15A4A21-4161-46FF-8C49-7801D3C353A1}"
EndProject
Project("{FAE04EC0-301F-11D3-BF4B-00C04F79EFBC}") = "IMS.Shared.Models", "Shared\IMS.Shared.Models\IMS.Shared.Models.csproj", "{E21E896E-2E67-474C-80E1-AF13F341AABD}"
EndProject
Project("{FAE04EC0-301F-11D3-BF4B-00C04F79EFBC}") = "IMS.Shared.Utils", "Shared\IMS.Shared.Utils\IMS.Shared.Utils.csproj", "{67D2AFFA-27F0-4DD7-9928-34F0E2787591}"
EndProject
Project("{FAE04EC0-301F-11D3-BF4B-00C04F79EFBC}") = "IMS.Example1", "IMS.Example1\IMS.Example1.csproj", "{AB48B575-EB1C-4317-8047-AE567F37D387}"
EndProject
Project("{2150E333-8FDC-42A3-9474-1A3956D46DE8}") = "Auth", "Auth", "{031E5608-C0A1-4736-A473-0ACC94B7A262}"
EndProject
Project("{FAE04EC0-301F-11D3-BF4B-00C04F79EFBC}") = "IMS.Auth.API", "Auth\IMS.Auth.API\IMS.Auth.API.csproj", "{7437D7A6-B1A1-43D0-A0AD-31AA772838EB}"
EndProject
Project("{FAE04EC0-301F-11D3-BF4B-00C04F79EFBC}") = "IMS.Auth.BLL", "Auth\IMS.Auth.BLL\IMS.Auth.BLL.csproj", "{809ED9FC-F6C6-49E9-9C59-F73B66FF2A23}"
EndProject
Project("{FAE04EC0-301F-11D3-BF4B-00C04F79EFBC}") = "IMS.Auth.DAL", "Auth\IMS.Auth.DAL\IMS.Auth.DAL.csproj", "{64F1AC94-4083-4E27-9EE5-40EDE153E06F}"
EndProject
Project("{FAE04EC0-301F-11D3-BF4B-00C04F79EFBC}") = "IMS.Auth.Models", "Auth\IMS.Auth.Models\IMS.Auth.Models.csproj", "{BC7AA91F-43F6-408A-97B0-2B48CC1CD9CE}"
EndProject
Project("{FAE04EC0-301F-11D3-BF4B-00C04F79EFBC}") = "IMS.Auth.IBLL", "Auth\IMS.Auth.IBLL\IMS.Auth.IBLL.csproj", "{2D308175-D4D9-4C45-91B4-EB48AF2D53E7}"
EndProject
Project("{FAE04EC0-301F-11D3-BF4B-00C04F79EFBC}") = "IMS.Auth.IDAL", "Auth\IMS.Auth.IDAL\IMS.Auth.IDAL.csproj", "{A94E0AA7-1CFB-4EB6-90BC-F4C5B21930A4}"
EndProject
Project("{FAE04EC0-301F-11D3-BF4B-00C04F79EFBC}") = "IMS.Auth.Tests", "Auth\IMS.Auth.Tests\IMS.Auth.Tests.csproj", "{AF5C60E9-25CD-4994-BA5C-6F2812880EA4}"
EndProject
Project("{FAE04EC0-301F-11D3-BF4B-00C04F79EFBC}") = "IMS.Shared.Messaging", "Shared\IMS.Shared.Messaging\IMS.Shared.Messaging.csproj", "{BE85F520-5328-4EEE-B7A9-0B3833919D88}"
EndProject
Project("{FAE04EC0-301F-11D3-BF4B-00C04F79EFBC}") = "IMS.Auth.Domain", "Auth\IMS.Auth.Domain\IMS.Auth.Domain.csproj", "{229B8BF3-FEBE-4DC7-95DD-CF305225DAC4}"
EndProject
Project("{2150E333-8FDC-42A3-9474-1A3956D46DE8}") = "Email", "Email", "{3CB8FF22-C16B-412E-96F7-03C4CCA29E73}"
EndProject
Project("{FAE04EC0-301F-11D3-BF4B-00C04F79EFBC}") = "IMS.Email.API", "Email\IMS.Email.API\IMS.Email.API.csproj", "{D73E5B4F-9E51-433D-8770-AC347DE43B7E}"
EndProject
Project("{FAE04EC0-301F-11D3-BF4B-00C04F79EFBC}") = "IMS.Email.BLL", "Email\IMS.Email.BLL\IMS.Email.BLL.csproj", "{312AD236-5FD2-416B-B336-BF3E49E45A02}"
EndProject
Project("{FAE04EC0-301F-11D3-BF4B-00C04F79EFBC}") = "IMS.Email.IBLL", "Email\IMS.Email.IBLL\IMS.Email.IBLL.csproj", "{51095C60-267A-4771-B2A2-77A659309BE4}"
EndProject
Project("{FAE04EC0-301F-11D3-BF4B-00C04F79EFBC}") = "IMS.Email.Models", "Email\IMS.Email.Models\IMS.Email.Models.csproj", "{ADD3EA57-1E4B-46C4-8461-236B78903763}"
EndProject
Project("{FAE04EC0-301F-11D3-BF4B-00C04F79EFBC}") = "IMS.Email.Tests", "Email\IMS.Email.Tests\IMS.Email.Tests.csproj", "{09D5C656-E7D9-49F6-9DEA-FA29841C9981}"
EndProject
Project("{2150E333-8FDC-42A3-9474-1A3956D46DE8}") = "Friends", "Friends", "{AFC8324C-0D82-4791-83E5-44F04AEC7256}"
EndProject
Project("{FAE04EC0-301F-11D3-BF4B-00C04F79EFBC}") = "IMS.Friends.API", "Friends\IMS.Friends.API\IMS.Friends.API.csproj", "{589542F3-B55F-4FAC-BA82-1A98E833C289}"
EndProject
Project("{FAE04EC0-301F-11D3-BF4B-00C04F79EFBC}") = "IMS.Friends.IBLL", "Friends\IMS.Friends.IBLL\IMS.Friends.IBLL.csproj", "{E30220AF-6F5D-4039-8D8F-24A3720447E0}"
EndProject
Project("{FAE04EC0-301F-11D3-BF4B-00C04F79EFBC}") = "IMS.Friends.BLL", "Friends\IMS.Friends.BLL\IMS.Friends.BLL.csproj", "{4263E427-E011-473A-9AC4-446258928B17}"
EndProject
Project("{FAE04EC0-301F-11D3-BF4B-00C04F79EFBC}") = "IMS.Friends.Domain", "Friends\IMS.Friends.Domain\IMS.Friends.Domain.csproj", "{1318CFF8-0A67-4B1C-9DFC-F607ECCF9E0B}"
EndProject
Project("{FAE04EC0-301F-11D3-BF4B-00C04F79EFBC}") = "IMS.Friends.Models", "Friends\IMS.Friends.Models\IMS.Friends.Models.csproj", "{4835F29B-B260-401B-907D-90F9C32B6071}"
EndProject
Project("{FAE04EC0-301F-11D3-BF4B-00C04F79EFBC}") = "IMS.Friends.IDAL", "Friends\IMS.Friends.IDAL\IMS.Friends.IDAL.csproj", "{BB647552-ED87-4341-BCA5-4ACEA2C97AB1}"
EndProject
Project("{FAE04EC0-301F-11D3-BF4B-00C04F79EFBC}") = "IMS.Friends.DAL", "Friends\IMS.Friends.DAL\IMS.Friends.DAL.csproj", "{6AB42ECA-8F09-489F-8094-538A98973C78}"
EndProject
Project("{FAE04EC0-301F-11D3-BF4B-00C04F79EFBC}") = "IMS.Friends.Tests", "Friends\IMS.Friends.Tests\IMS.Friends.Tests.csproj", "{00ADADDC-BEB7-4240-BE45-3692E5C6990A}"
EndProject
Project("{2150E333-8FDC-42A3-9474-1A3956D46DE8}") = "Post", "Post", "{C9D8E86B-DF80-4DD4-9756-E05FD0C98F4D}"
EndProject
Project("{FAE04EC0-301F-11D3-BF4B-00C04F79EFBC}") = "IMS.Post.API", "Post\IMS.Post.API\IMS.Post.API.csproj", "{94117239-37E8-4EA3-A040-864E19FDF67D}"
EndProject
Project("{FAE04EC0-301F-11D3-BF4B-00C04F79EFBC}") = "IMS.Post.BLL", "Post\IMS.Post.BLL\IMS.Post.BLL.csproj", "{8599FA31-8A62-4BEE-89C3-27C3545BC2EB}"
EndProject
Project("{FAE04EC0-301F-11D3-BF4B-00C04F79EFBC}") = "IMS.Post.IBLL", "Post\IMS.Post.IBLL\IMS.Post.IBLL.csproj", "{2A736589-F2EE-41B3-BAC9-C27B718A3DDB}"
EndProject
Project("{FAE04EC0-301F-11D3-BF4B-00C04F79EFBC}") = "IMS.Post.DAL", "Post\IMS.Post.DAL\IMS.Post.DAL.csproj", "{DE4935CD-1929-4205-AAE6-52BBA9A71BBA}"
EndProject
Project("{FAE04EC0-301F-11D3-BF4B-00C04F79EFBC}") = "IMS.Post.IDAL", "Post\IMS.Post.IDAL\IMS.Post.IDAL.csproj", "{1C3CEBD2-569F-4807-A260-42E0D5D0150B}"
EndProject
Project("{FAE04EC0-301F-11D3-BF4B-00C04F79EFBC}") = "IMS.Post.Models", "Post\IMS.Post.Models\IMS.Post.Models.csproj", "{C61F9850-BC31-43EB-B211-516065BA0BDF}"
EndProject
Project("{FAE04EC0-301F-11D3-BF4B-00C04F79EFBC}") = "IMS.Post.Domain", "Post\IMS.Post.Domain\IMS.Post.Domain.csproj", "{AA5FB0F4-61A4-438E-A331-508C6E6E1C8A}"
EndProject
Project("{FAE04EC0-301F-11D3-BF4B-00C04F79EFBC}") = "IMS.Post.Tests", "Post\IMS.Post.Tests\IMS.Post.Tests.csproj", "{A82EC1C8-9FAB-4003-AF0E-242A9A5AB852}"
EndProject
Global
	GlobalSection(SolutionConfigurationPlatforms) = preSolution
		Debug|Any CPU = Debug|Any CPU
		Release|Any CPU = Release|Any CPU
	EndGlobalSection
	GlobalSection(SolutionProperties) = preSolution
		HideSolutionNode = FALSE
	EndGlobalSection
	GlobalSection(NestedProjects) = preSolution
		{E21E896E-2E67-474C-80E1-AF13F341AABD} = {E15A4A21-4161-46FF-8C49-7801D3C353A1}
		{67D2AFFA-27F0-4DD7-9928-34F0E2787591} = {E15A4A21-4161-46FF-8C49-7801D3C353A1}
		{2D308175-D4D9-4C45-91B4-EB48AF2D53E7} = {031E5608-C0A1-4736-A473-0ACC94B7A262}
		{A94E0AA7-1CFB-4EB6-90BC-F4C5B21930A4} = {031E5608-C0A1-4736-A473-0ACC94B7A262}
		{AF5C60E9-25CD-4994-BA5C-6F2812880EA4} = {031E5608-C0A1-4736-A473-0ACC94B7A262}
		{BE85F520-5328-4EEE-B7A9-0B3833919D88} = {E15A4A21-4161-46FF-8C49-7801D3C353A1}
		{64F1AC94-4083-4E27-9EE5-40EDE153E06F} = {031E5608-C0A1-4736-A473-0ACC94B7A262}
		{229B8BF3-FEBE-4DC7-95DD-CF305225DAC4} = {031E5608-C0A1-4736-A473-0ACC94B7A262}
		{D73E5B4F-9E51-433D-8770-AC347DE43B7E} = {3CB8FF22-C16B-412E-96F7-03C4CCA29E73}
		{312AD236-5FD2-416B-B336-BF3E49E45A02} = {3CB8FF22-C16B-412E-96F7-03C4CCA29E73}
		{51095C60-267A-4771-B2A2-77A659309BE4} = {3CB8FF22-C16B-412E-96F7-03C4CCA29E73}
		{ADD3EA57-1E4B-46C4-8461-236B78903763} = {3CB8FF22-C16B-412E-96F7-03C4CCA29E73}
		{09D5C656-E7D9-49F6-9DEA-FA29841C9981} = {3CB8FF22-C16B-412E-96F7-03C4CCA29E73}
		{589542F3-B55F-4FAC-BA82-1A98E833C289} = {AFC8324C-0D82-4791-83E5-44F04AEC7256}
		{4263E427-E011-473A-9AC4-446258928B17} = {AFC8324C-0D82-4791-83E5-44F04AEC7256}
		{6AB42ECA-8F09-489F-8094-538A98973C78} = {AFC8324C-0D82-4791-83E5-44F04AEC7256}
		{1318CFF8-0A67-4B1C-9DFC-F607ECCF9E0B} = {AFC8324C-0D82-4791-83E5-44F04AEC7256}
		{E30220AF-6F5D-4039-8D8F-24A3720447E0} = {AFC8324C-0D82-4791-83E5-44F04AEC7256}
		{BB647552-ED87-4341-BCA5-4ACEA2C97AB1} = {AFC8324C-0D82-4791-83E5-44F04AEC7256}
		{4835F29B-B260-401B-907D-90F9C32B6071} = {AFC8324C-0D82-4791-83E5-44F04AEC7256}
		{00ADADDC-BEB7-4240-BE45-3692E5C6990A} = {AFC8324C-0D82-4791-83E5-44F04AEC7256}
		{94117239-37E8-4EA3-A040-864E19FDF67D} = {C9D8E86B-DF80-4DD4-9756-E05FD0C98F4D}
		{8599FA31-8A62-4BEE-89C3-27C3545BC2EB} = {C9D8E86B-DF80-4DD4-9756-E05FD0C98F4D}
		{2A736589-F2EE-41B3-BAC9-C27B718A3DDB} = {C9D8E86B-DF80-4DD4-9756-E05FD0C98F4D}
		{DE4935CD-1929-4205-AAE6-52BBA9A71BBA} = {C9D8E86B-DF80-4DD4-9756-E05FD0C98F4D}
		{1C3CEBD2-569F-4807-A260-42E0D5D0150B} = {C9D8E86B-DF80-4DD4-9756-E05FD0C98F4D}
		{C61F9850-BC31-43EB-B211-516065BA0BDF} = {C9D8E86B-DF80-4DD4-9756-E05FD0C98F4D}
		{AA5FB0F4-61A4-438E-A331-508C6E6E1C8A} = {C9D8E86B-DF80-4DD4-9756-E05FD0C98F4D}
		{A82EC1C8-9FAB-4003-AF0E-242A9A5AB852} = {C9D8E86B-DF80-4DD4-9756-E05FD0C98F4D}
	EndGlobalSection
	GlobalSection(ProjectConfigurationPlatforms) = postSolution
		{E21E896E-2E67-474C-80E1-AF13F341AABD}.Debug|Any CPU.ActiveCfg = Debug|Any CPU
		{E21E896E-2E67-474C-80E1-AF13F341AABD}.Debug|Any CPU.Build.0 = Debug|Any CPU
		{E21E896E-2E67-474C-80E1-AF13F341AABD}.Release|Any CPU.ActiveCfg = Release|Any CPU
		{E21E896E-2E67-474C-80E1-AF13F341AABD}.Release|Any CPU.Build.0 = Release|Any CPU
		{67D2AFFA-27F0-4DD7-9928-34F0E2787591}.Debug|Any CPU.ActiveCfg = Debug|Any CPU
		{67D2AFFA-27F0-4DD7-9928-34F0E2787591}.Debug|Any CPU.Build.0 = Debug|Any CPU
		{67D2AFFA-27F0-4DD7-9928-34F0E2787591}.Release|Any CPU.ActiveCfg = Release|Any CPU
		{67D2AFFA-27F0-4DD7-9928-34F0E2787591}.Release|Any CPU.Build.0 = Release|Any CPU
		{AB48B575-EB1C-4317-8047-AE567F37D387}.Debug|Any CPU.ActiveCfg = Debug|Any CPU
		{AB48B575-EB1C-4317-8047-AE567F37D387}.Debug|Any CPU.Build.0 = Debug|Any CPU
		{AB48B575-EB1C-4317-8047-AE567F37D387}.Release|Any CPU.ActiveCfg = Release|Any CPU
		{AB48B575-EB1C-4317-8047-AE567F37D387}.Release|Any CPU.Build.0 = Release|Any CPU
		{2D308175-D4D9-4C45-91B4-EB48AF2D53E7}.Debug|Any CPU.ActiveCfg = Debug|Any CPU
		{2D308175-D4D9-4C45-91B4-EB48AF2D53E7}.Debug|Any CPU.Build.0 = Debug|Any CPU
		{2D308175-D4D9-4C45-91B4-EB48AF2D53E7}.Release|Any CPU.ActiveCfg = Release|Any CPU
		{2D308175-D4D9-4C45-91B4-EB48AF2D53E7}.Release|Any CPU.Build.0 = Release|Any CPU
		{A94E0AA7-1CFB-4EB6-90BC-F4C5B21930A4}.Debug|Any CPU.ActiveCfg = Debug|Any CPU
		{A94E0AA7-1CFB-4EB6-90BC-F4C5B21930A4}.Debug|Any CPU.Build.0 = Debug|Any CPU
		{A94E0AA7-1CFB-4EB6-90BC-F4C5B21930A4}.Release|Any CPU.ActiveCfg = Release|Any CPU
		{A94E0AA7-1CFB-4EB6-90BC-F4C5B21930A4}.Release|Any CPU.Build.0 = Release|Any CPU
		{AF5C60E9-25CD-4994-BA5C-6F2812880EA4}.Debug|Any CPU.ActiveCfg = Debug|Any CPU
		{AF5C60E9-25CD-4994-BA5C-6F2812880EA4}.Debug|Any CPU.Build.0 = Debug|Any CPU
		{AF5C60E9-25CD-4994-BA5C-6F2812880EA4}.Release|Any CPU.ActiveCfg = Release|Any CPU
		{AF5C60E9-25CD-4994-BA5C-6F2812880EA4}.Release|Any CPU.Build.0 = Release|Any CPU
		{BE85F520-5328-4EEE-B7A9-0B3833919D88}.Debug|Any CPU.ActiveCfg = Debug|Any CPU
		{BE85F520-5328-4EEE-B7A9-0B3833919D88}.Debug|Any CPU.Build.0 = Debug|Any CPU
		{BE85F520-5328-4EEE-B7A9-0B3833919D88}.Release|Any CPU.ActiveCfg = Release|Any CPU
		{BE85F520-5328-4EEE-B7A9-0B3833919D88}.Release|Any CPU.Build.0 = Release|Any CPU
		{229B8BF3-FEBE-4DC7-95DD-CF305225DAC4}.Debug|Any CPU.ActiveCfg = Debug|Any CPU
		{229B8BF3-FEBE-4DC7-95DD-CF305225DAC4}.Debug|Any CPU.Build.0 = Debug|Any CPU
		{229B8BF3-FEBE-4DC7-95DD-CF305225DAC4}.Release|Any CPU.ActiveCfg = Release|Any CPU
		{229B8BF3-FEBE-4DC7-95DD-CF305225DAC4}.Release|Any CPU.Build.0 = Release|Any CPU
		{D73E5B4F-9E51-433D-8770-AC347DE43B7E}.Debug|Any CPU.ActiveCfg = Debug|Any CPU
		{D73E5B4F-9E51-433D-8770-AC347DE43B7E}.Debug|Any CPU.Build.0 = Debug|Any CPU
		{D73E5B4F-9E51-433D-8770-AC347DE43B7E}.Release|Any CPU.ActiveCfg = Release|Any CPU
		{D73E5B4F-9E51-433D-8770-AC347DE43B7E}.Release|Any CPU.Build.0 = Release|Any CPU
		{312AD236-5FD2-416B-B336-BF3E49E45A02}.Debug|Any CPU.ActiveCfg = Debug|Any CPU
		{312AD236-5FD2-416B-B336-BF3E49E45A02}.Debug|Any CPU.Build.0 = Debug|Any CPU
		{312AD236-5FD2-416B-B336-BF3E49E45A02}.Release|Any CPU.ActiveCfg = Release|Any CPU
		{312AD236-5FD2-416B-B336-BF3E49E45A02}.Release|Any CPU.Build.0 = Release|Any CPU
		{51095C60-267A-4771-B2A2-77A659309BE4}.Debug|Any CPU.ActiveCfg = Debug|Any CPU
		{51095C60-267A-4771-B2A2-77A659309BE4}.Debug|Any CPU.Build.0 = Debug|Any CPU
		{51095C60-267A-4771-B2A2-77A659309BE4}.Release|Any CPU.ActiveCfg = Release|Any CPU
		{51095C60-267A-4771-B2A2-77A659309BE4}.Release|Any CPU.Build.0 = Release|Any CPU
		{ADD3EA57-1E4B-46C4-8461-236B78903763}.Debug|Any CPU.ActiveCfg = Debug|Any CPU
		{ADD3EA57-1E4B-46C4-8461-236B78903763}.Debug|Any CPU.Build.0 = Debug|Any CPU
		{ADD3EA57-1E4B-46C4-8461-236B78903763}.Release|Any CPU.ActiveCfg = Release|Any CPU
		{ADD3EA57-1E4B-46C4-8461-236B78903763}.Release|Any CPU.Build.0 = Release|Any CPU
		{09D5C656-E7D9-49F6-9DEA-FA29841C9981}.Debug|Any CPU.ActiveCfg = Debug|Any CPU
		{09D5C656-E7D9-49F6-9DEA-FA29841C9981}.Debug|Any CPU.Build.0 = Debug|Any CPU
		{09D5C656-E7D9-49F6-9DEA-FA29841C9981}.Release|Any CPU.ActiveCfg = Release|Any CPU
		{09D5C656-E7D9-49F6-9DEA-FA29841C9981}.Release|Any CPU.Build.0 = Release|Any CPU
		{589542F3-B55F-4FAC-BA82-1A98E833C289}.Debug|Any CPU.ActiveCfg = Debug|Any CPU
		{589542F3-B55F-4FAC-BA82-1A98E833C289}.Debug|Any CPU.Build.0 = Debug|Any CPU
		{589542F3-B55F-4FAC-BA82-1A98E833C289}.Release|Any CPU.ActiveCfg = Release|Any CPU
		{589542F3-B55F-4FAC-BA82-1A98E833C289}.Release|Any CPU.Build.0 = Release|Any CPU
		{4263E427-E011-473A-9AC4-446258928B17}.Debug|Any CPU.ActiveCfg = Debug|Any CPU
		{4263E427-E011-473A-9AC4-446258928B17}.Debug|Any CPU.Build.0 = Debug|Any CPU
		{4263E427-E011-473A-9AC4-446258928B17}.Release|Any CPU.ActiveCfg = Release|Any CPU
		{4263E427-E011-473A-9AC4-446258928B17}.Release|Any CPU.Build.0 = Release|Any CPU
		{6AB42ECA-8F09-489F-8094-538A98973C78}.Debug|Any CPU.ActiveCfg = Debug|Any CPU
		{6AB42ECA-8F09-489F-8094-538A98973C78}.Debug|Any CPU.Build.0 = Debug|Any CPU
		{6AB42ECA-8F09-489F-8094-538A98973C78}.Release|Any CPU.ActiveCfg = Release|Any CPU
		{6AB42ECA-8F09-489F-8094-538A98973C78}.Release|Any CPU.Build.0 = Release|Any CPU
		{1318CFF8-0A67-4B1C-9DFC-F607ECCF9E0B}.Debug|Any CPU.ActiveCfg = Debug|Any CPU
		{1318CFF8-0A67-4B1C-9DFC-F607ECCF9E0B}.Debug|Any CPU.Build.0 = Debug|Any CPU
		{1318CFF8-0A67-4B1C-9DFC-F607ECCF9E0B}.Release|Any CPU.ActiveCfg = Release|Any CPU
		{1318CFF8-0A67-4B1C-9DFC-F607ECCF9E0B}.Release|Any CPU.Build.0 = Release|Any CPU
		{E30220AF-6F5D-4039-8D8F-24A3720447E0}.Debug|Any CPU.ActiveCfg = Debug|Any CPU
		{E30220AF-6F5D-4039-8D8F-24A3720447E0}.Debug|Any CPU.Build.0 = Debug|Any CPU
		{E30220AF-6F5D-4039-8D8F-24A3720447E0}.Release|Any CPU.ActiveCfg = Release|Any CPU
		{E30220AF-6F5D-4039-8D8F-24A3720447E0}.Release|Any CPU.Build.0 = Release|Any CPU
		{BB647552-ED87-4341-BCA5-4ACEA2C97AB1}.Debug|Any CPU.ActiveCfg = Debug|Any CPU
		{BB647552-ED87-4341-BCA5-4ACEA2C97AB1}.Debug|Any CPU.Build.0 = Debug|Any CPU
		{BB647552-ED87-4341-BCA5-4ACEA2C97AB1}.Release|Any CPU.ActiveCfg = Release|Any CPU
		{BB647552-ED87-4341-BCA5-4ACEA2C97AB1}.Release|Any CPU.Build.0 = Release|Any CPU
		{4835F29B-B260-401B-907D-90F9C32B6071}.Debug|Any CPU.ActiveCfg = Debug|Any CPU
		{4835F29B-B260-401B-907D-90F9C32B6071}.Debug|Any CPU.Build.0 = Debug|Any CPU
		{4835F29B-B260-401B-907D-90F9C32B6071}.Release|Any CPU.ActiveCfg = Release|Any CPU
		{4835F29B-B260-401B-907D-90F9C32B6071}.Release|Any CPU.Build.0 = Release|Any CPU
		{00ADADDC-BEB7-4240-BE45-3692E5C6990A}.Debug|Any CPU.ActiveCfg = Debug|Any CPU
		{00ADADDC-BEB7-4240-BE45-3692E5C6990A}.Debug|Any CPU.Build.0 = Debug|Any CPU
		{00ADADDC-BEB7-4240-BE45-3692E5C6990A}.Release|Any CPU.ActiveCfg = Release|Any CPU
		{00ADADDC-BEB7-4240-BE45-3692E5C6990A}.Release|Any CPU.Build.0 = Release|Any CPU
		{94117239-37E8-4EA3-A040-864E19FDF67D}.Debug|Any CPU.ActiveCfg = Debug|Any CPU
		{94117239-37E8-4EA3-A040-864E19FDF67D}.Debug|Any CPU.Build.0 = Debug|Any CPU
		{94117239-37E8-4EA3-A040-864E19FDF67D}.Release|Any CPU.ActiveCfg = Release|Any CPU
		{94117239-37E8-4EA3-A040-864E19FDF67D}.Release|Any CPU.Build.0 = Release|Any CPU
		{8599FA31-8A62-4BEE-89C3-27C3545BC2EB}.Debug|Any CPU.ActiveCfg = Debug|Any CPU
		{8599FA31-8A62-4BEE-89C3-27C3545BC2EB}.Debug|Any CPU.Build.0 = Debug|Any CPU
		{8599FA31-8A62-4BEE-89C3-27C3545BC2EB}.Release|Any CPU.ActiveCfg = Release|Any CPU
		{8599FA31-8A62-4BEE-89C3-27C3545BC2EB}.Release|Any CPU.Build.0 = Release|Any CPU
		{2A736589-F2EE-41B3-BAC9-C27B718A3DDB}.Debug|Any CPU.ActiveCfg = Debug|Any CPU
		{2A736589-F2EE-41B3-BAC9-C27B718A3DDB}.Debug|Any CPU.Build.0 = Debug|Any CPU
		{2A736589-F2EE-41B3-BAC9-C27B718A3DDB}.Release|Any CPU.ActiveCfg = Release|Any CPU
		{2A736589-F2EE-41B3-BAC9-C27B718A3DDB}.Release|Any CPU.Build.0 = Release|Any CPU
		{DE4935CD-1929-4205-AAE6-52BBA9A71BBA}.Debug|Any CPU.ActiveCfg = Debug|Any CPU
		{DE4935CD-1929-4205-AAE6-52BBA9A71BBA}.Debug|Any CPU.Build.0 = Debug|Any CPU
		{DE4935CD-1929-4205-AAE6-52BBA9A71BBA}.Release|Any CPU.ActiveCfg = Release|Any CPU
		{DE4935CD-1929-4205-AAE6-52BBA9A71BBA}.Release|Any CPU.Build.0 = Release|Any CPU
		{1C3CEBD2-569F-4807-A260-42E0D5D0150B}.Debug|Any CPU.ActiveCfg = Debug|Any CPU
		{1C3CEBD2-569F-4807-A260-42E0D5D0150B}.Debug|Any CPU.Build.0 = Debug|Any CPU
		{1C3CEBD2-569F-4807-A260-42E0D5D0150B}.Release|Any CPU.ActiveCfg = Release|Any CPU
		{1C3CEBD2-569F-4807-A260-42E0D5D0150B}.Release|Any CPU.Build.0 = Release|Any CPU
		{C61F9850-BC31-43EB-B211-516065BA0BDF}.Debug|Any CPU.ActiveCfg = Debug|Any CPU
		{C61F9850-BC31-43EB-B211-516065BA0BDF}.Debug|Any CPU.Build.0 = Debug|Any CPU
		{C61F9850-BC31-43EB-B211-516065BA0BDF}.Release|Any CPU.ActiveCfg = Release|Any CPU
		{C61F9850-BC31-43EB-B211-516065BA0BDF}.Release|Any CPU.Build.0 = Release|Any CPU
		{AA5FB0F4-61A4-438E-A331-508C6E6E1C8A}.Debug|Any CPU.ActiveCfg = Debug|Any CPU
		{AA5FB0F4-61A4-438E-A331-508C6E6E1C8A}.Debug|Any CPU.Build.0 = Debug|Any CPU
		{AA5FB0F4-61A4-438E-A331-508C6E6E1C8A}.Release|Any CPU.ActiveCfg = Release|Any CPU
		{AA5FB0F4-61A4-438E-A331-508C6E6E1C8A}.Release|Any CPU.Build.0 = Release|Any CPU
		{A82EC1C8-9FAB-4003-AF0E-242A9A5AB852}.Debug|Any CPU.ActiveCfg = Debug|Any CPU
		{A82EC1C8-9FAB-4003-AF0E-242A9A5AB852}.Debug|Any CPU.Build.0 = Debug|Any CPU
		{A82EC1C8-9FAB-4003-AF0E-242A9A5AB852}.Release|Any CPU.ActiveCfg = Release|Any CPU
		{A82EC1C8-9FAB-4003-AF0E-242A9A5AB852}.Release|Any CPU.Build.0 = Release|Any CPU
	EndGlobalSection
	GlobalSection(NestedProjects) = preSolution
		{B8B23175-13EE-4BBF-B9C1-0367328B68F3} = {E15A4A21-4161-46FF-8C49-7801D3C353A1}
		{7437D7A6-B1A1-43D0-A0AD-31AA772838EB} = {031E5608-C0A1-4736-A473-0ACC94B7A262}
		{809ED9FC-F6C6-49E9-9C59-F73B66FF2A23} = {031E5608-C0A1-4736-A473-0ACC94B7A262}
		{64F1AC94-4083-4E27-9EE5-40EDE153E06F} = {031E5608-C0A1-4736-A473-0ACC94B7A262}
		{BC7AA91F-43F6-408A-97B0-2B48CC1CD9CE} = {031E5608-C0A1-4736-A473-0ACC94B7A262}
	EndGlobalSection
	GlobalSection(ProjectConfigurationPlatforms) = postSolution
		{B8B23175-13EE-4BBF-B9C1-0367328B68F3}.Debug|Any CPU.ActiveCfg = Debug|Any CPU
		{B8B23175-13EE-4BBF-B9C1-0367328B68F3}.Debug|Any CPU.Build.0 = Debug|Any CPU
		{B8B23175-13EE-4BBF-B9C1-0367328B68F3}.Release|Any CPU.ActiveCfg = Release|Any CPU
		{B8B23175-13EE-4BBF-B9C1-0367328B68F3}.Release|Any CPU.Build.0 = Release|Any CPU
		{7437D7A6-B1A1-43D0-A0AD-31AA772838EB}.Debug|Any CPU.ActiveCfg = Debug|Any CPU
		{7437D7A6-B1A1-43D0-A0AD-31AA772838EB}.Debug|Any CPU.Build.0 = Debug|Any CPU
		{7437D7A6-B1A1-43D0-A0AD-31AA772838EB}.Release|Any CPU.ActiveCfg = Release|Any CPU
		{7437D7A6-B1A1-43D0-A0AD-31AA772838EB}.Release|Any CPU.Build.0 = Release|Any CPU
		{809ED9FC-F6C6-49E9-9C59-F73B66FF2A23}.Debug|Any CPU.ActiveCfg = Debug|Any CPU
		{809ED9FC-F6C6-49E9-9C59-F73B66FF2A23}.Debug|Any CPU.Build.0 = Debug|Any CPU
		{809ED9FC-F6C6-49E9-9C59-F73B66FF2A23}.Release|Any CPU.ActiveCfg = Release|Any CPU
		{809ED9FC-F6C6-49E9-9C59-F73B66FF2A23}.Release|Any CPU.Build.0 = Release|Any CPU
		{64F1AC94-4083-4E27-9EE5-40EDE153E06F}.Debug|Any CPU.ActiveCfg = Debug|Any CPU
		{64F1AC94-4083-4E27-9EE5-40EDE153E06F}.Debug|Any CPU.Build.0 = Debug|Any CPU
		{64F1AC94-4083-4E27-9EE5-40EDE153E06F}.Release|Any CPU.ActiveCfg = Release|Any CPU
		{64F1AC94-4083-4E27-9EE5-40EDE153E06F}.Release|Any CPU.Build.0 = Release|Any CPU
		{BC7AA91F-43F6-408A-97B0-2B48CC1CD9CE}.Debug|Any CPU.ActiveCfg = Debug|Any CPU
		{BC7AA91F-43F6-408A-97B0-2B48CC1CD9CE}.Debug|Any CPU.Build.0 = Debug|Any CPU
		{BC7AA91F-43F6-408A-97B0-2B48CC1CD9CE}.Release|Any CPU.ActiveCfg = Release|Any CPU
		{BC7AA91F-43F6-408A-97B0-2B48CC1CD9CE}.Release|Any CPU.Build.0 = Release|Any CPU
	EndGlobalSection
EndGlobal
