// !$*UTF8*$!
{
	archiveVersion = 1;
	classes = {
	};
	objectVersion = 56;
	objects = {

/* Begin PBXBuildFile section */
		862D756D2A3A0A0000B6D02F /* PostDetailsView.swift in Sources */ = {isa = PBXBuildFile; fileRef = 862D756C2A3A0A0000B6D02F /* PostDetailsView.swift */; };
		862D756F2A3A0A5600B6D02F /* RegisterView.swift in Sources */ = {isa = PBXBuildFile; fileRef = 862D756E2A3A0A5600B6D02F /* RegisterView.swift */; };
		862D75712A3A137F00B6D02F /* CommentView.swift in Sources */ = {isa = PBXBuildFile; fileRef = 862D75702A3A137F00B6D02F /* CommentView.swift */; };
		862D757B2A3A163C00B6D02F /* YourFriendRowView.swift in Sources */ = {isa = PBXBuildFile; fileRef = 862D757A2A3A163C00B6D02F /* YourFriendRowView.swift */; };
		862D75812A3A166700B6D02F /* FriendsView.swift in Sources */ = {isa = PBXBuildFile; fileRef = 862D75802A3A166700B6D02F /* FriendsView.swift */; };
		862D75832A3A168D00B6D02F /* FindFriendView.swift in Sources */ = {isa = PBXBuildFile; fileRef = 862D75822A3A168D00B6D02F /* FindFriendView.swift */; };
		862D75852A3A1E3500B6D02F /* MainView.swift in Sources */ = {isa = PBXBuildFile; fileRef = 862D75842A3A1E3500B6D02F /* MainView.swift */; };
		862D75872A3C38D400B6D02F /* MapView.swift in Sources */ = {isa = PBXBuildFile; fileRef = 862D75862A3C38D400B6D02F /* MapView.swift */; };
		862D758A2A3C3BFA00B6D02F /* MapDetails.swift in Sources */ = {isa = PBXBuildFile; fileRef = 862D75892A3C3BFA00B6D02F /* MapDetails.swift */; };
		862D758E2A3C47C200B6D02F /* AppState.swift in Sources */ = {isa = PBXBuildFile; fileRef = 862D758D2A3C47C200B6D02F /* AppState.swift */; };
		862D75932A3C4FA800B6D02F /* inMotion.xcdatamodeld in Sources */ = {isa = PBXBuildFile; fileRef = 862D75912A3C4FA800B6D02F /* inMotion.xcdatamodeld */; };
		8652380B2A2F21C6002E6605 /* inMotionApp.swift in Sources */ = {isa = PBXBuildFile; fileRef = 8652380A2A2F21C6002E6605 /* inMotionApp.swift */; };
		8652380D2A2F21C6002E6605 /* ContentView.swift in Sources */ = {isa = PBXBuildFile; fileRef = 8652380C2A2F21C6002E6605 /* ContentView.swift */; };
		8652380F2A2F21C8002E6605 /* Assets.xcassets in Resources */ = {isa = PBXBuildFile; fileRef = 8652380E2A2F21C8002E6605 /* Assets.xcassets */; };
		865238122A2F21C8002E6605 /* Preview Assets.xcassets in Resources */ = {isa = PBXBuildFile; fileRef = 865238112A2F21C8002E6605 /* Preview Assets.xcassets */; };
		865238142A2F21C8002E6605 /* Persistence.swift in Sources */ = {isa = PBXBuildFile; fileRef = 865238132A2F21C8002E6605 /* Persistence.swift */; };
		865238212A2F21C8002E6605 /* inMotionTests.swift in Sources */ = {isa = PBXBuildFile; fileRef = 865238202A2F21C8002E6605 /* inMotionTests.swift */; };
		8652382B2A2F21C8002E6605 /* inMotionUITests.swift in Sources */ = {isa = PBXBuildFile; fileRef = 8652382A2A2F21C8002E6605 /* inMotionUITests.swift */; };
		8652382D2A2F21C8002E6605 /* inMotionUITestsLaunchTests.swift in Sources */ = {isa = PBXBuildFile; fileRef = 8652382C2A2F21C8002E6605 /* inMotionUITestsLaunchTests.swift */; };
		8652383B2A2F2289002E6605 /* LoginView.swift in Sources */ = {isa = PBXBuildFile; fileRef = 8652383A2A2F2289002E6605 /* LoginView.swift */; };
		869F16092A2F2C70003BFC20 /* MainWallPost.swift in Sources */ = {isa = PBXBuildFile; fileRef = 869F16082A2F2C70003BFC20 /* MainWallPost.swift */; };
		86A4179B2A3DCC9A00A52516 /* FriendshipStatusEnum.swift in Sources */ = {isa = PBXBuildFile; fileRef = 86A4179A2A3DCC9A00A52516 /* FriendshipStatusEnum.swift */; };
		86A4179D2A3DE31300A52516 /* PersonRowView.swift in Sources */ = {isa = PBXBuildFile; fileRef = 86A4179C2A3DE31300A52516 /* PersonRowView.swift */; };
		86A417A32A3DF86700A52516 /* InitData.swift in Sources */ = {isa = PBXBuildFile; fileRef = 86A417A22A3DF86700A52516 /* InitData.swift */; };
		86A417A72A3E1A9200A52516 /* warsaw.mp4 in Resources */ = {isa = PBXBuildFile; fileRef = 86A417A42A3E1A9000A52516 /* warsaw.mp4 */; };
		86A417A82A3E1A9200A52516 /* paris.mp4 in Resources */ = {isa = PBXBuildFile; fileRef = 86A417A52A3E1A9100A52516 /* paris.mp4 */; };
		86A417A92A3E1A9200A52516 /* newyork.mp4 in Resources */ = {isa = PBXBuildFile; fileRef = 86A417A62A3E1A9200A52516 /* newyork.mp4 */; };
		86A417AC2A3E237600A52516 /* AVPlayerViewControllerExtension.swift in Sources */ = {isa = PBXBuildFile; fileRef = 86A417AB2A3E237600A52516 /* AVPlayerViewControllerExtension.swift */; };
/* End PBXBuildFile section */

/* Begin PBXContainerItemProxy section */
		8652381D2A2F21C8002E6605 /* PBXContainerItemProxy */ = {
			isa = PBXContainerItemProxy;
			containerPortal = 865237FF2A2F21C6002E6605 /* Project object */;
			proxyType = 1;
			remoteGlobalIDString = 865238062A2F21C6002E6605;
			remoteInfo = inMotion;
		};
		865238272A2F21C8002E6605 /* PBXContainerItemProxy */ = {
			isa = PBXContainerItemProxy;
			containerPortal = 865237FF2A2F21C6002E6605 /* Project object */;
			proxyType = 1;
			remoteGlobalIDString = 865238062A2F21C6002E6605;
			remoteInfo = inMotion;
		};
/* End PBXContainerItemProxy section */

/* Begin PBXFileReference section */
		862D756C2A3A0A0000B6D02F /* PostDetailsView.swift */ = {isa = PBXFileReference; lastKnownFileType = sourcecode.swift; path = PostDetailsView.swift; sourceTree = "<group>"; };
		862D756E2A3A0A5600B6D02F /* RegisterView.swift */ = {isa = PBXFileReference; lastKnownFileType = sourcecode.swift; path = RegisterView.swift; sourceTree = "<group>"; };
		862D75702A3A137F00B6D02F /* CommentView.swift */ = {isa = PBXFileReference; lastKnownFileType = sourcecode.swift; path = CommentView.swift; sourceTree = "<group>"; };
		862D757A2A3A163C00B6D02F /* YourFriendRowView.swift */ = {isa = PBXFileReference; fileEncoding = 4; lastKnownFileType = sourcecode.swift; path = YourFriendRowView.swift; sourceTree = "<group>"; };
		862D75802A3A166700B6D02F /* FriendsView.swift */ = {isa = PBXFileReference; fileEncoding = 4; lastKnownFileType = sourcecode.swift; path = FriendsView.swift; sourceTree = "<group>"; };
		862D75822A3A168D00B6D02F /* FindFriendView.swift */ = {isa = PBXFileReference; lastKnownFileType = sourcecode.swift; path = FindFriendView.swift; sourceTree = "<group>"; };
		862D75842A3A1E3500B6D02F /* MainView.swift */ = {isa = PBXFileReference; lastKnownFileType = sourcecode.swift; path = MainView.swift; sourceTree = "<group>"; };
		862D75862A3C38D400B6D02F /* MapView.swift */ = {isa = PBXFileReference; lastKnownFileType = sourcecode.swift; path = MapView.swift; sourceTree = "<group>"; };
		862D75892A3C3BFA00B6D02F /* MapDetails.swift */ = {isa = PBXFileReference; lastKnownFileType = sourcecode.swift; path = MapDetails.swift; sourceTree = "<group>"; };
		862D758D2A3C47C200B6D02F /* AppState.swift */ = {isa = PBXFileReference; lastKnownFileType = sourcecode.swift; path = AppState.swift; sourceTree = "<group>"; };
		862D75922A3C4FA800B6D02F /* inMotion.xcdatamodel */ = {isa = PBXFileReference; lastKnownFileType = wrapper.xcdatamodel; path = inMotion.xcdatamodel; sourceTree = "<group>"; };
		865238072A2F21C6002E6605 /* inMotion.app */ = {isa = PBXFileReference; explicitFileType = wrapper.application; includeInIndex = 0; path = inMotion.app; sourceTree = BUILT_PRODUCTS_DIR; };
		8652380A2A2F21C6002E6605 /* inMotionApp.swift */ = {isa = PBXFileReference; lastKnownFileType = sourcecode.swift; path = inMotionApp.swift; sourceTree = "<group>"; };
		8652380C2A2F21C6002E6605 /* ContentView.swift */ = {isa = PBXFileReference; lastKnownFileType = sourcecode.swift; path = ContentView.swift; sourceTree = "<group>"; };
		8652380E2A2F21C8002E6605 /* Assets.xcassets */ = {isa = PBXFileReference; lastKnownFileType = folder.assetcatalog; path = Assets.xcassets; sourceTree = "<group>"; };
		865238112A2F21C8002E6605 /* Preview Assets.xcassets */ = {isa = PBXFileReference; lastKnownFileType = folder.assetcatalog; path = "Preview Assets.xcassets"; sourceTree = "<group>"; };
		865238132A2F21C8002E6605 /* Persistence.swift */ = {isa = PBXFileReference; lastKnownFileType = sourcecode.swift; path = Persistence.swift; sourceTree = "<group>"; };
		8652381C2A2F21C8002E6605 /* inMotionTests.xctest */ = {isa = PBXFileReference; explicitFileType = wrapper.cfbundle; includeInIndex = 0; path = inMotionTests.xctest; sourceTree = BUILT_PRODUCTS_DIR; };
		865238202A2F21C8002E6605 /* inMotionTests.swift */ = {isa = PBXFileReference; lastKnownFileType = sourcecode.swift; path = inMotionTests.swift; sourceTree = "<group>"; };
		865238262A2F21C8002E6605 /* inMotionUITests.xctest */ = {isa = PBXFileReference; explicitFileType = wrapper.cfbundle; includeInIndex = 0; path = inMotionUITests.xctest; sourceTree = BUILT_PRODUCTS_DIR; };
		8652382A2A2F21C8002E6605 /* inMotionUITests.swift */ = {isa = PBXFileReference; lastKnownFileType = sourcecode.swift; path = inMotionUITests.swift; sourceTree = "<group>"; };
		8652382C2A2F21C8002E6605 /* inMotionUITestsLaunchTests.swift */ = {isa = PBXFileReference; lastKnownFileType = sourcecode.swift; path = inMotionUITestsLaunchTests.swift; sourceTree = "<group>"; };
		8652383A2A2F2289002E6605 /* LoginView.swift */ = {isa = PBXFileReference; lastKnownFileType = sourcecode.swift; path = LoginView.swift; sourceTree = "<group>"; };
		869F16082A2F2C70003BFC20 /* MainWallPost.swift */ = {isa = PBXFileReference; lastKnownFileType = sourcecode.swift; path = MainWallPost.swift; sourceTree = "<group>"; };
		86A4179A2A3DCC9A00A52516 /* FriendshipStatusEnum.swift */ = {isa = PBXFileReference; lastKnownFileType = sourcecode.swift; path = FriendshipStatusEnum.swift; sourceTree = "<group>"; };
		86A4179C2A3DE31300A52516 /* PersonRowView.swift */ = {isa = PBXFileReference; lastKnownFileType = sourcecode.swift; path = PersonRowView.swift; sourceTree = "<group>"; };
		86A417A22A3DF86700A52516 /* InitData.swift */ = {isa = PBXFileReference; lastKnownFileType = sourcecode.swift; path = InitData.swift; sourceTree = "<group>"; };
		86A417A42A3E1A9000A52516 /* warsaw.mp4 */ = {isa = PBXFileReference; lastKnownFileType = file; path = warsaw.mp4; sourceTree = "<group>"; };
		86A417A52A3E1A9100A52516 /* paris.mp4 */ = {isa = PBXFileReference; lastKnownFileType = file; path = paris.mp4; sourceTree = "<group>"; };
		86A417A62A3E1A9200A52516 /* newyork.mp4 */ = {isa = PBXFileReference; lastKnownFileType = file; path = newyork.mp4; sourceTree = "<group>"; };
		86A417AB2A3E237600A52516 /* AVPlayerViewControllerExtension.swift */ = {isa = PBXFileReference; lastKnownFileType = sourcecode.swift; path = AVPlayerViewControllerExtension.swift; sourceTree = "<group>"; };
/* End PBXFileReference section */

/* Begin PBXFrameworksBuildPhase section */
		865238042A2F21C6002E6605 /* Frameworks */ = {
			isa = PBXFrameworksBuildPhase;
			buildActionMask = 2147483647;
			files = (
			);
			runOnlyForDeploymentPostprocessing = 0;
		};
		865238192A2F21C8002E6605 /* Frameworks */ = {
			isa = PBXFrameworksBuildPhase;
			buildActionMask = 2147483647;
			files = (
			);
			runOnlyForDeploymentPostprocessing = 0;
		};
		865238232A2F21C8002E6605 /* Frameworks */ = {
			isa = PBXFrameworksBuildPhase;
			buildActionMask = 2147483647;
			files = (
			);
			runOnlyForDeploymentPostprocessing = 0;
		};
/* End PBXFrameworksBuildPhase section */

/* Begin PBXGroup section */
		865237FE2A2F21C6002E6605 = {
			isa = PBXGroup;
			children = (
				86A417A62A3E1A9200A52516 /* newyork.mp4 */,
				86A417A52A3E1A9100A52516 /* paris.mp4 */,
				86A417A42A3E1A9000A52516 /* warsaw.mp4 */,
				865238092A2F21C6002E6605 /* inMotion */,
				8652381F2A2F21C8002E6605 /* inMotionTests */,
				865238292A2F21C8002E6605 /* inMotionUITests */,
				865238082A2F21C6002E6605 /* Products */,
			);
			sourceTree = "<group>";
		};
		865238082A2F21C6002E6605 /* Products */ = {
			isa = PBXGroup;
			children = (
				865238072A2F21C6002E6605 /* inMotion.app */,
				8652381C2A2F21C8002E6605 /* inMotionTests.xctest */,
				865238262A2F21C8002E6605 /* inMotionUITests.xctest */,
			);
			name = Products;
			sourceTree = "<group>";
		};
		865238092A2F21C6002E6605 /* inMotion */ = {
			isa = PBXGroup;
			children = (
				86A417AA2A3E235800A52516 /* Utils */,
				86A417A12A3DF85200A52516 /* Data */,
				8655FF272A2FD63E00D407F2 /* Models */,
				865238392A2F2270002E6605 /* Views */,
				8652380A2A2F21C6002E6605 /* inMotionApp.swift */,
				8652380C2A2F21C6002E6605 /* ContentView.swift */,
				862D75912A3C4FA800B6D02F /* inMotion.xcdatamodeld */,
				8652380E2A2F21C8002E6605 /* Assets.xcassets */,
				865238132A2F21C8002E6605 /* Persistence.swift */,
				865238102A2F21C8002E6605 /* Preview Content */,
			);
			path = inMotion;
			sourceTree = "<group>";
		};
		865238102A2F21C8002E6605 /* Preview Content */ = {
			isa = PBXGroup;
			children = (
				865238112A2F21C8002E6605 /* Preview Assets.xcassets */,
			);
			path = "Preview Content";
			sourceTree = "<group>";
		};
		8652381F2A2F21C8002E6605 /* inMotionTests */ = {
			isa = PBXGroup;
			children = (
				865238202A2F21C8002E6605 /* inMotionTests.swift */,
			);
			path = inMotionTests;
			sourceTree = "<group>";
		};
		865238292A2F21C8002E6605 /* inMotionUITests */ = {
			isa = PBXGroup;
			children = (
				8652382A2A2F21C8002E6605 /* inMotionUITests.swift */,
				8652382C2A2F21C8002E6605 /* inMotionUITestsLaunchTests.swift */,
			);
			path = inMotionUITests;
			sourceTree = "<group>";
		};
		865238392A2F2270002E6605 /* Views */ = {
			isa = PBXGroup;
			children = (
				869F16072A2F2C2F003BFC20 /* Components */,
				862D75802A3A166700B6D02F /* FriendsView.swift */,
				8652383A2A2F2289002E6605 /* LoginView.swift */,
				862D756C2A3A0A0000B6D02F /* PostDetailsView.swift */,
				862D756E2A3A0A5600B6D02F /* RegisterView.swift */,
				862D75822A3A168D00B6D02F /* FindFriendView.swift */,
				862D75842A3A1E3500B6D02F /* MainView.swift */,
				862D75862A3C38D400B6D02F /* MapView.swift */,
			);
			path = Views;
			sourceTree = "<group>";
		};
		8655FF272A2FD63E00D407F2 /* Models */ = {
			isa = PBXGroup;
			children = (
				862D75892A3C3BFA00B6D02F /* MapDetails.swift */,
				862D758D2A3C47C200B6D02F /* AppState.swift */,
				86A4179A2A3DCC9A00A52516 /* FriendshipStatusEnum.swift */,
			);
			path = Models;
			sourceTree = "<group>";
		};
		869F16072A2F2C2F003BFC20 /* Components */ = {
			isa = PBXGroup;
			children = (
				862D757A2A3A163C00B6D02F /* YourFriendRowView.swift */,
				869F16082A2F2C70003BFC20 /* MainWallPost.swift */,
				862D75702A3A137F00B6D02F /* CommentView.swift */,
				86A4179C2A3DE31300A52516 /* PersonRowView.swift */,
			);
			path = Components;
			sourceTree = "<group>";
		};
		86A417A12A3DF85200A52516 /* Data */ = {
			isa = PBXGroup;
			children = (
				86A417A22A3DF86700A52516 /* InitData.swift */,
			);
			path = Data;
			sourceTree = "<group>";
		};
		86A417AA2A3E235800A52516 /* Utils */ = {
			isa = PBXGroup;
			children = (
				86A417AB2A3E237600A52516 /* AVPlayerViewControllerExtension.swift */,
			);
			path = Utils;
			sourceTree = "<group>";
		};
/* End PBXGroup section */

/* Begin PBXNativeTarget section */
		865238062A2F21C6002E6605 /* inMotion */ = {
			isa = PBXNativeTarget;
			buildConfigurationList = 865238302A2F21C8002E6605 /* Build configuration list for PBXNativeTarget "inMotion" */;
			buildPhases = (
				865238032A2F21C6002E6605 /* Sources */,
				865238042A2F21C6002E6605 /* Frameworks */,
				865238052A2F21C6002E6605 /* Resources */,
			);
			buildRules = (
			);
			dependencies = (
			);
			name = inMotion;
			productName = inMotion;
			productReference = 865238072A2F21C6002E6605 /* inMotion.app */;
			productType = "com.apple.product-type.application";
		};
		8652381B2A2F21C8002E6605 /* inMotionTests */ = {
			isa = PBXNativeTarget;
			buildConfigurationList = 865238332A2F21C8002E6605 /* Build configuration list for PBXNativeTarget "inMotionTests" */;
			buildPhases = (
				865238182A2F21C8002E6605 /* Sources */,
				865238192A2F21C8002E6605 /* Frameworks */,
				8652381A2A2F21C8002E6605 /* Resources */,
			);
			buildRules = (
			);
			dependencies = (
				8652381E2A2F21C8002E6605 /* PBXTargetDependency */,
			);
			name = inMotionTests;
			productName = inMotionTests;
			productReference = 8652381C2A2F21C8002E6605 /* inMotionTests.xctest */;
			productType = "com.apple.product-type.bundle.unit-test";
		};
		865238252A2F21C8002E6605 /* inMotionUITests */ = {
			isa = PBXNativeTarget;
			buildConfigurationList = 865238362A2F21C8002E6605 /* Build configuration list for PBXNativeTarget "inMotionUITests" */;
			buildPhases = (
				865238222A2F21C8002E6605 /* Sources */,
				865238232A2F21C8002E6605 /* Frameworks */,
				865238242A2F21C8002E6605 /* Resources */,
			);
			buildRules = (
			);
			dependencies = (
				865238282A2F21C8002E6605 /* PBXTargetDependency */,
			);
			name = inMotionUITests;
			productName = inMotionUITests;
			productReference = 865238262A2F21C8002E6605 /* inMotionUITests.xctest */;
			productType = "com.apple.product-type.bundle.ui-testing";
		};
/* End PBXNativeTarget section */

/* Begin PBXProject section */
		865237FF2A2F21C6002E6605 /* Project object */ = {
			isa = PBXProject;
			attributes = {
				BuildIndependentTargetsInParallel = 1;
				LastSwiftUpdateCheck = 1420;
				LastUpgradeCheck = 1420;
				TargetAttributes = {
					865238062A2F21C6002E6605 = {
						CreatedOnToolsVersion = 14.2;
					};
					8652381B2A2F21C8002E6605 = {
						CreatedOnToolsVersion = 14.2;
						TestTargetID = 865238062A2F21C6002E6605;
					};
					865238252A2F21C8002E6605 = {
						CreatedOnToolsVersion = 14.2;
						TestTargetID = 865238062A2F21C6002E6605;
					};
				};
			};
			buildConfigurationList = 865238022A2F21C6002E6605 /* Build configuration list for PBXProject "inMotion" */;
			compatibilityVersion = "Xcode 14.0";
			developmentRegion = en;
			hasScannedForEncodings = 0;
			knownRegions = (
				en,
				Base,
			);
			mainGroup = 865237FE2A2F21C6002E6605;
			productRefGroup = 865238082A2F21C6002E6605 /* Products */;
			projectDirPath = "";
			projectRoot = "";
			targets = (
				865238062A2F21C6002E6605 /* inMotion */,
				8652381B2A2F21C8002E6605 /* inMotionTests */,
				865238252A2F21C8002E6605 /* inMotionUITests */,
			);
		};
/* End PBXProject section */

/* Begin PBXResourcesBuildPhase section */
		865238052A2F21C6002E6605 /* Resources */ = {
			isa = PBXResourcesBuildPhase;
			buildActionMask = 2147483647;
			files = (
				86A417A72A3E1A9200A52516 /* warsaw.mp4 in Resources */,
				86A417A82A3E1A9200A52516 /* paris.mp4 in Resources */,
				86A417A92A3E1A9200A52516 /* newyork.mp4 in Resources */,
				865238122A2F21C8002E6605 /* Preview Assets.xcassets in Resources */,
				8652380F2A2F21C8002E6605 /* Assets.xcassets in Resources */,
			);
			runOnlyForDeploymentPostprocessing = 0;
		};
		8652381A2A2F21C8002E6605 /* Resources */ = {
			isa = PBXResourcesBuildPhase;
			buildActionMask = 2147483647;
			files = (
			);
			runOnlyForDeploymentPostprocessing = 0;
		};
		865238242A2F21C8002E6605 /* Resources */ = {
			isa = PBXResourcesBuildPhase;
			buildActionMask = 2147483647;
			files = (
			);
			runOnlyForDeploymentPostprocessing = 0;
		};
/* End PBXResourcesBuildPhase section */

/* Begin PBXSourcesBuildPhase section */
		865238032A2F21C6002E6605 /* Sources */ = {
			isa = PBXSourcesBuildPhase;
			buildActionMask = 2147483647;
			files = (
				869F16092A2F2C70003BFC20 /* MainWallPost.swift in Sources */,
				862D75832A3A168D00B6D02F /* FindFriendView.swift in Sources */,
				862D756D2A3A0A0000B6D02F /* PostDetailsView.swift in Sources */,
				862D75852A3A1E3500B6D02F /* MainView.swift in Sources */,
				865238142A2F21C8002E6605 /* Persistence.swift in Sources */,
				862D758A2A3C3BFA00B6D02F /* MapDetails.swift in Sources */,
				8652380D2A2F21C6002E6605 /* ContentView.swift in Sources */,
				86A417A32A3DF86700A52516 /* InitData.swift in Sources */,
				86A4179D2A3DE31300A52516 /* PersonRowView.swift in Sources */,
				862D75812A3A166700B6D02F /* FriendsView.swift in Sources */,
				862D75932A3C4FA800B6D02F /* inMotion.xcdatamodeld in Sources */,
				86A417AC2A3E237600A52516 /* AVPlayerViewControllerExtension.swift in Sources */,
				862D756F2A3A0A5600B6D02F /* RegisterView.swift in Sources */,
				862D757B2A3A163C00B6D02F /* YourFriendRowView.swift in Sources */,
				862D758E2A3C47C200B6D02F /* AppState.swift in Sources */,
				8652383B2A2F2289002E6605 /* LoginView.swift in Sources */,
				862D75872A3C38D400B6D02F /* MapView.swift in Sources */,
				862D75712A3A137F00B6D02F /* CommentView.swift in Sources */,
				86A4179B2A3DCC9A00A52516 /* FriendshipStatusEnum.swift in Sources */,
				8652380B2A2F21C6002E6605 /* inMotionApp.swift in Sources */,
			);
			runOnlyForDeploymentPostprocessing = 0;
		};
		865238182A2F21C8002E6605 /* Sources */ = {
			isa = PBXSourcesBuildPhase;
			buildActionMask = 2147483647;
			files = (
				865238212A2F21C8002E6605 /* inMotionTests.swift in Sources */,
			);
			runOnlyForDeploymentPostprocessing = 0;
		};
		865238222A2F21C8002E6605 /* Sources */ = {
			isa = PBXSourcesBuildPhase;
			buildActionMask = 2147483647;
			files = (
				8652382D2A2F21C8002E6605 /* inMotionUITestsLaunchTests.swift in Sources */,
				8652382B2A2F21C8002E6605 /* inMotionUITests.swift in Sources */,
			);
			runOnlyForDeploymentPostprocessing = 0;
		};
/* End PBXSourcesBuildPhase section */

/* Begin PBXTargetDependency section */
		8652381E2A2F21C8002E6605 /* PBXTargetDependency */ = {
			isa = PBXTargetDependency;
			target = 865238062A2F21C6002E6605 /* inMotion */;
			targetProxy = 8652381D2A2F21C8002E6605 /* PBXContainerItemProxy */;
		};
		865238282A2F21C8002E6605 /* PBXTargetDependency */ = {
			isa = PBXTargetDependency;
			target = 865238062A2F21C6002E6605 /* inMotion */;
			targetProxy = 865238272A2F21C8002E6605 /* PBXContainerItemProxy */;
		};
/* End PBXTargetDependency section */

/* Begin XCBuildConfiguration section */
		8652382E2A2F21C8002E6605 /* Debug */ = {
			isa = XCBuildConfiguration;
			buildSettings = {
				ALWAYS_SEARCH_USER_PATHS = NO;
				CLANG_ANALYZER_NONNULL = YES;
				CLANG_ANALYZER_NUMBER_OBJECT_CONVERSION = YES_AGGRESSIVE;
				CLANG_CXX_LANGUAGE_STANDARD = "gnu++20";
				CLANG_ENABLE_MODULES = YES;
				CLANG_ENABLE_OBJC_ARC = YES;
				CLANG_ENABLE_OBJC_WEAK = YES;
				CLANG_WARN_BLOCK_CAPTURE_AUTORELEASING = YES;
				CLANG_WARN_BOOL_CONVERSION = YES;
				CLANG_WARN_COMMA = YES;
				CLANG_WARN_CONSTANT_CONVERSION = YES;
				CLANG_WARN_DEPRECATED_OBJC_IMPLEMENTATIONS = YES;
				CLANG_WARN_DIRECT_OBJC_ISA_USAGE = YES_ERROR;
				CLANG_WARN_DOCUMENTATION_COMMENTS = YES;
				CLANG_WARN_EMPTY_BODY = YES;
				CLANG_WARN_ENUM_CONVERSION = YES;
				CLANG_WARN_INFINITE_RECURSION = YES;
				CLANG_WARN_INT_CONVERSION = YES;
				CLANG_WARN_NON_LITERAL_NULL_CONVERSION = YES;
				CLANG_WARN_OBJC_IMPLICIT_RETAIN_SELF = YES;
				CLANG_WARN_OBJC_LITERAL_CONVERSION = YES;
				CLANG_WARN_OBJC_ROOT_CLASS = YES_ERROR;
				CLANG_WARN_QUOTED_INCLUDE_IN_FRAMEWORK_HEADER = YES;
				CLANG_WARN_RANGE_LOOP_ANALYSIS = YES;
				CLANG_WARN_STRICT_PROTOTYPES = YES;
				CLANG_WARN_SUSPICIOUS_MOVE = YES;
				CLANG_WARN_UNGUARDED_AVAILABILITY = YES_AGGRESSIVE;
				CLANG_WARN_UNREACHABLE_CODE = YES;
				CLANG_WARN__DUPLICATE_METHOD_MATCH = YES;
				COPY_PHASE_STRIP = NO;
				DEBUG_INFORMATION_FORMAT = dwarf;
				ENABLE_STRICT_OBJC_MSGSEND = YES;
				ENABLE_TESTABILITY = YES;
				GCC_C_LANGUAGE_STANDARD = gnu11;
				GCC_DYNAMIC_NO_PIC = NO;
				GCC_NO_COMMON_BLOCKS = YES;
				GCC_OPTIMIZATION_LEVEL = 0;
				GCC_PREPROCESSOR_DEFINITIONS = (
					"DEBUG=1",
					"$(inherited)",
				);
				GCC_WARN_64_TO_32_BIT_CONVERSION = YES;
				GCC_WARN_ABOUT_RETURN_TYPE = YES_ERROR;
				GCC_WARN_UNDECLARED_SELECTOR = YES;
				GCC_WARN_UNINITIALIZED_AUTOS = YES_AGGRESSIVE;
				GCC_WARN_UNUSED_FUNCTION = YES;
				GCC_WARN_UNUSED_VARIABLE = YES;
				IPHONEOS_DEPLOYMENT_TARGET = 16.2;
				MTL_ENABLE_DEBUG_INFO = INCLUDE_SOURCE;
				MTL_FAST_MATH = YES;
				ONLY_ACTIVE_ARCH = YES;
				SDKROOT = iphoneos;
				SWIFT_ACTIVE_COMPILATION_CONDITIONS = DEBUG;
				SWIFT_OPTIMIZATION_LEVEL = "-Onone";
			};
			name = Debug;
		};
		8652382F2A2F21C8002E6605 /* Release */ = {
			isa = XCBuildConfiguration;
			buildSettings = {
				ALWAYS_SEARCH_USER_PATHS = NO;
				CLANG_ANALYZER_NONNULL = YES;
				CLANG_ANALYZER_NUMBER_OBJECT_CONVERSION = YES_AGGRESSIVE;
				CLANG_CXX_LANGUAGE_STANDARD = "gnu++20";
				CLANG_ENABLE_MODULES = YES;
				CLANG_ENABLE_OBJC_ARC = YES;
				CLANG_ENABLE_OBJC_WEAK = YES;
				CLANG_WARN_BLOCK_CAPTURE_AUTORELEASING = YES;
				CLANG_WARN_BOOL_CONVERSION = YES;
				CLANG_WARN_COMMA = YES;
				CLANG_WARN_CONSTANT_CONVERSION = YES;
				CLANG_WARN_DEPRECATED_OBJC_IMPLEMENTATIONS = YES;
				CLANG_WARN_DIRECT_OBJC_ISA_USAGE = YES_ERROR;
				CLANG_WARN_DOCUMENTATION_COMMENTS = YES;
				CLANG_WARN_EMPTY_BODY = YES;
				CLANG_WARN_ENUM_CONVERSION = YES;
				CLANG_WARN_INFINITE_RECURSION = YES;
				CLANG_WARN_INT_CONVERSION = YES;
				CLANG_WARN_NON_LITERAL_NULL_CONVERSION = YES;
				CLANG_WARN_OBJC_IMPLICIT_RETAIN_SELF = YES;
				CLANG_WARN_OBJC_LITERAL_CONVERSION = YES;
				CLANG_WARN_OBJC_ROOT_CLASS = YES_ERROR;
				CLANG_WARN_QUOTED_INCLUDE_IN_FRAMEWORK_HEADER = YES;
				CLANG_WARN_RANGE_LOOP_ANALYSIS = YES;
				CLANG_WARN_STRICT_PROTOTYPES = YES;
				CLANG_WARN_SUSPICIOUS_MOVE = YES;
				CLANG_WARN_UNGUARDED_AVAILABILITY = YES_AGGRESSIVE;
				CLANG_WARN_UNREACHABLE_CODE = YES;
				CLANG_WARN__DUPLICATE_METHOD_MATCH = YES;
				COPY_PHASE_STRIP = NO;
				DEBUG_INFORMATION_FORMAT = "dwarf-with-dsym";
				ENABLE_NS_ASSERTIONS = NO;
				ENABLE_STRICT_OBJC_MSGSEND = YES;
				GCC_C_LANGUAGE_STANDARD = gnu11;
				GCC_NO_COMMON_BLOCKS = YES;
				GCC_WARN_64_TO_32_BIT_CONVERSION = YES;
				GCC_WARN_ABOUT_RETURN_TYPE = YES_ERROR;
				GCC_WARN_UNDECLARED_SELECTOR = YES;
				GCC_WARN_UNINITIALIZED_AUTOS = YES_AGGRESSIVE;
				GCC_WARN_UNUSED_FUNCTION = YES;
				GCC_WARN_UNUSED_VARIABLE = YES;
				IPHONEOS_DEPLOYMENT_TARGET = 16.2;
				MTL_ENABLE_DEBUG_INFO = NO;
				MTL_FAST_MATH = YES;
				SDKROOT = iphoneos;
				SWIFT_COMPILATION_MODE = wholemodule;
				SWIFT_OPTIMIZATION_LEVEL = "-O";
				VALIDATE_PRODUCT = YES;
			};
			name = Release;
		};
		865238312A2F21C8002E6605 /* Debug */ = {
			isa = XCBuildConfiguration;
			buildSettings = {
				ASSETCATALOG_COMPILER_APPICON_NAME = AppIcon;
				ASSETCATALOG_COMPILER_GLOBAL_ACCENT_COLOR_NAME = AccentColor;
				CODE_SIGN_STYLE = Automatic;
				CURRENT_PROJECT_VERSION = 1;
				DEVELOPMENT_ASSET_PATHS = "\"inMotion/Preview Content\"";
				DEVELOPMENT_TEAM = Y24HBAKB93;
				ENABLE_PREVIEWS = YES;
				GENERATE_INFOPLIST_FILE = YES;
				INFOPLIST_FILE = inMotion/Info.plist;
				INFOPLIST_KEY_UIApplicationSceneManifest_Generation = YES;
				INFOPLIST_KEY_UIApplicationSupportsIndirectInputEvents = YES;
				INFOPLIST_KEY_UILaunchScreen_Generation = YES;
				INFOPLIST_KEY_UISupportedInterfaceOrientations_iPad = "UIInterfaceOrientationPortrait UIInterfaceOrientationPortraitUpsideDown UIInterfaceOrientationLandscapeLeft UIInterfaceOrientationLandscapeRight";
				INFOPLIST_KEY_UISupportedInterfaceOrientations_iPhone = "UIInterfaceOrientationPortrait UIInterfaceOrientationLandscapeLeft UIInterfaceOrientationLandscapeRight";
				LD_RUNPATH_SEARCH_PATHS = (
					"$(inherited)",
					"@executable_path/Frameworks",
				);
				MARKETING_VERSION = 1.0;
				PRODUCT_BUNDLE_IDENTIFIER = com.inmotion.aplikacja;
				PRODUCT_NAME = "$(TARGET_NAME)";
				SWIFT_EMIT_LOC_STRINGS = YES;
				SWIFT_VERSION = 5.0;
				TARGETED_DEVICE_FAMILY = "1,2";
			};
			name = Debug;
		};
		865238322A2F21C8002E6605 /* Release */ = {
			isa = XCBuildConfiguration;
			buildSettings = {
				ASSETCATALOG_COMPILER_APPICON_NAME = AppIcon;
				ASSETCATALOG_COMPILER_GLOBAL_ACCENT_COLOR_NAME = AccentColor;
				CODE_SIGN_STYLE = Automatic;
				CURRENT_PROJECT_VERSION = 1;
				DEVELOPMENT_ASSET_PATHS = "\"inMotion/Preview Content\"";
				DEVELOPMENT_TEAM = Y24HBAKB93;
				ENABLE_PREVIEWS = YES;
				GENERATE_INFOPLIST_FILE = YES;
				INFOPLIST_FILE = inMotion/Info.plist;
				INFOPLIST_KEY_UIApplicationSceneManifest_Generation = YES;
				INFOPLIST_KEY_UIApplicationSupportsIndirectInputEvents = YES;
				INFOPLIST_KEY_UILaunchScreen_Generation = YES;
				INFOPLIST_KEY_UISupportedInterfaceOrientations_iPad = "UIInterfaceOrientationPortrait UIInterfaceOrientationPortraitUpsideDown UIInterfaceOrientationLandscapeLeft UIInterfaceOrientationLandscapeRight";
				INFOPLIST_KEY_UISupportedInterfaceOrientations_iPhone = "UIInterfaceOrientationPortrait UIInterfaceOrientationLandscapeLeft UIInterfaceOrientationLandscapeRight";
				LD_RUNPATH_SEARCH_PATHS = (
					"$(inherited)",
					"@executable_path/Frameworks",
				);
				MARKETING_VERSION = 1.0;
				PRODUCT_BUNDLE_IDENTIFIER = com.inmotion.aplikacja;
				PRODUCT_NAME = "$(TARGET_NAME)";
				SWIFT_EMIT_LOC_STRINGS = YES;
				SWIFT_VERSION = 5.0;
				TARGETED_DEVICE_FAMILY = "1,2";
			};
			name = Release;
		};
		865238342A2F21C8002E6605 /* Debug */ = {
			isa = XCBuildConfiguration;
			buildSettings = {
				ALWAYS_EMBED_SWIFT_STANDARD_LIBRARIES = YES;
				BUNDLE_LOADER = "$(TEST_HOST)";
				CODE_SIGN_STYLE = Automatic;
				CURRENT_PROJECT_VERSION = 1;
				DEVELOPMENT_TEAM = Y24HBAKB93;
				GENERATE_INFOPLIST_FILE = YES;
				IPHONEOS_DEPLOYMENT_TARGET = 16.2;
				MARKETING_VERSION = 1.0;
				PRODUCT_BUNDLE_IDENTIFIER = com.inmotion.inMotionTests;
				PRODUCT_NAME = "$(TARGET_NAME)";
				SWIFT_EMIT_LOC_STRINGS = NO;
				SWIFT_VERSION = 5.0;
				TARGETED_DEVICE_FAMILY = "1,2";
				TEST_HOST = "$(BUILT_PRODUCTS_DIR)/inMotion.app/$(BUNDLE_EXECUTABLE_FOLDER_PATH)/inMotion";
			};
			name = Debug;
		};
		865238352A2F21C8002E6605 /* Release */ = {
			isa = XCBuildConfiguration;
			buildSettings = {
				ALWAYS_EMBED_SWIFT_STANDARD_LIBRARIES = YES;
				BUNDLE_LOADER = "$(TEST_HOST)";
				CODE_SIGN_STYLE = Automatic;
				CURRENT_PROJECT_VERSION = 1;
				DEVELOPMENT_TEAM = Y24HBAKB93;
				GENERATE_INFOPLIST_FILE = YES;
				IPHONEOS_DEPLOYMENT_TARGET = 16.2;
				MARKETING_VERSION = 1.0;
				PRODUCT_BUNDLE_IDENTIFIER = com.inmotion.inMotionTests;
				PRODUCT_NAME = "$(TARGET_NAME)";
				SWIFT_EMIT_LOC_STRINGS = NO;
				SWIFT_VERSION = 5.0;
				TARGETED_DEVICE_FAMILY = "1,2";
				TEST_HOST = "$(BUILT_PRODUCTS_DIR)/inMotion.app/$(BUNDLE_EXECUTABLE_FOLDER_PATH)/inMotion";
			};
			name = Release;
		};
		865238372A2F21C8002E6605 /* Debug */ = {
			isa = XCBuildConfiguration;
			buildSettings = {
				ALWAYS_EMBED_SWIFT_STANDARD_LIBRARIES = YES;
				CODE_SIGN_STYLE = Automatic;
				CURRENT_PROJECT_VERSION = 1;
				DEVELOPMENT_TEAM = Y24HBAKB93;
				GENERATE_INFOPLIST_FILE = YES;
				MARKETING_VERSION = 1.0;
				PRODUCT_BUNDLE_IDENTIFIER = com.inmotion.inMotionUITests;
				PRODUCT_NAME = "$(TARGET_NAME)";
				SWIFT_EMIT_LOC_STRINGS = NO;
				SWIFT_VERSION = 5.0;
				TARGETED_DEVICE_FAMILY = "1,2";
				TEST_TARGET_NAME = inMotion;
			};
			name = Debug;
		};
		865238382A2F21C8002E6605 /* Release */ = {
			isa = XCBuildConfiguration;
			buildSettings = {
				ALWAYS_EMBED_SWIFT_STANDARD_LIBRARIES = YES;
				CODE_SIGN_STYLE = Automatic;
				CURRENT_PROJECT_VERSION = 1;
				DEVELOPMENT_TEAM = Y24HBAKB93;
				GENERATE_INFOPLIST_FILE = YES;
				MARKETING_VERSION = 1.0;
				PRODUCT_BUNDLE_IDENTIFIER = com.inmotion.inMotionUITests;
				PRODUCT_NAME = "$(TARGET_NAME)";
				SWIFT_EMIT_LOC_STRINGS = NO;
				SWIFT_VERSION = 5.0;
				TARGETED_DEVICE_FAMILY = "1,2";
				TEST_TARGET_NAME = inMotion;
			};
			name = Release;
		};
/* End XCBuildConfiguration section */

/* Begin XCConfigurationList section */
		865238022A2F21C6002E6605 /* Build configuration list for PBXProject "inMotion" */ = {
			isa = XCConfigurationList;
			buildConfigurations = (
				8652382E2A2F21C8002E6605 /* Debug */,
				8652382F2A2F21C8002E6605 /* Release */,
			);
			defaultConfigurationIsVisible = 0;
			defaultConfigurationName = Release;
		};
		865238302A2F21C8002E6605 /* Build configuration list for PBXNativeTarget "inMotion" */ = {
			isa = XCConfigurationList;
			buildConfigurations = (
				865238312A2F21C8002E6605 /* Debug */,
				865238322A2F21C8002E6605 /* Release */,
			);
			defaultConfigurationIsVisible = 0;
			defaultConfigurationName = Release;
		};
		865238332A2F21C8002E6605 /* Build configuration list for PBXNativeTarget "inMotionTests" */ = {
			isa = XCConfigurationList;
			buildConfigurations = (
				865238342A2F21C8002E6605 /* Debug */,
				865238352A2F21C8002E6605 /* Release */,
			);
			defaultConfigurationIsVisible = 0;
			defaultConfigurationName = Release;
		};
		865238362A2F21C8002E6605 /* Build configuration list for PBXNativeTarget "inMotionUITests" */ = {
			isa = XCConfigurationList;
			buildConfigurations = (
				865238372A2F21C8002E6605 /* Debug */,
				865238382A2F21C8002E6605 /* Release */,
			);
			defaultConfigurationIsVisible = 0;
			defaultConfigurationName = Release;
		};
/* End XCConfigurationList section */

/* Begin XCVersionGroup section */
		862D75912A3C4FA800B6D02F /* inMotion.xcdatamodeld */ = {
			isa = XCVersionGroup;
			children = (
				862D75922A3C4FA800B6D02F /* inMotion.xcdatamodel */,
			);
			currentVersion = 862D75922A3C4FA800B6D02F /* inMotion.xcdatamodel */;
			path = inMotion.xcdatamodeld;
			sourceTree = "<group>";
			versionGroupType = wrapper.xcdatamodel;
		};
/* End XCVersionGroup section */
	};
	rootObject = 865237FF2A2F21C6002E6605 /* Project object */;
}
