// !$*UTF8*$!
{
	archiveVersion = 1;
	classes = {
	};
	objectVersion = 56;
	objects = {

/* Begin PBXBuildFile section */
		25E9F1706A0B9AAB56C76809 /* JSONDecodeExtension.swift in Sources */ = {isa = PBXBuildFile; fileRef = 25E9FC76AD0AE0E08DA0B740 /* JSONDecodeExtension.swift */; };
		25E9F4332CD4251B70F255E0 /* AuthAppStateExtension.swift in Sources */ = {isa = PBXBuildFile; fileRef = 25E9F4C3630E6BF2C1B4EB36 /* AuthAppStateExtension.swift */; };
		25E9F4FA6E4442EC59889F83 /* JsonUtil.swift in Sources */ = {isa = PBXBuildFile; fileRef = 25E9F960BD31B07AD902FC8B /* JsonUtil.swift */; };
		25E9FA404AEFE937D6AFCA88 /* AppState.swift in Sources */ = {isa = PBXBuildFile; fileRef = 25E9F07E1FBA91BF3E84867B /* AppState.swift */; };
		25E9FB7C85D7A4B7F45B3121 /* ValidationErrorDto.swift in Sources */ = {isa = PBXBuildFile; fileRef = 25E9F634F1035EA6D3806F0B /* ValidationErrorDto.swift */; };
		25E9FBCB41CA640768E4EF5A /* DateFormatter.swift in Sources */ = {isa = PBXBuildFile; fileRef = 25E9FABE0CDC6384BC4DCB82 /* DateFormatter.swift */; };
		861434D62AF17D2700B45FF5 /* ImsHttpError.swift in Sources */ = {isa = PBXBuildFile; fileRef = 861434D52AF17D2700B45FF5 /* ImsHttpError.swift */; };
		861434D82AF17E2B00B45FF5 /* ImsHttpMessage.swift in Sources */ = {isa = PBXBuildFile; fileRef = 861434D72AF17E2B00B45FF5 /* ImsHttpMessage.swift */; };
		861434DA2AF17F8F00B45FF5 /* ImsPagination.swift in Sources */ = {isa = PBXBuildFile; fileRef = 861434D92AF17F8F00B45FF5 /* ImsPagination.swift */; };
		861434DC2AF1802400B45FF5 /* ImsPaginationRequestDto.swift in Sources */ = {isa = PBXBuildFile; fileRef = 861434DB2AF1802400B45FF5 /* ImsPaginationRequestDto.swift */; };
		861434DF2AF1808600B45FF5 /* AddPasswordDto.swift in Sources */ = {isa = PBXBuildFile; fileRef = 861434DE2AF1808600B45FF5 /* AddPasswordDto.swift */; };
		861434E12AF180DF00B45FF5 /* AuthenticateWithFacebookProviderDto.swift in Sources */ = {isa = PBXBuildFile; fileRef = 861434E02AF180DF00B45FF5 /* AuthenticateWithFacebookProviderDto.swift */; };
		861434E32AF1813600B45FF5 /* AuthenticateWithGoogleProviderDto.swift in Sources */ = {isa = PBXBuildFile; fileRef = 861434E22AF1813600B45FF5 /* AuthenticateWithGoogleProviderDto.swift */; };
		861434E52AF1818100B45FF5 /* LoginUserWithEmailAndPasswordDto.swift in Sources */ = {isa = PBXBuildFile; fileRef = 861434E42AF1818100B45FF5 /* LoginUserWithEmailAndPasswordDto.swift */; };
		861434E72AF181A800B45FF5 /* RegisterUserWithEmailAndPasswordDto.swift in Sources */ = {isa = PBXBuildFile; fileRef = 861434E62AF181A800B45FF5 /* RegisterUserWithEmailAndPasswordDto.swift */; };
		861434E92AF1829100B45FF5 /* UpdateEmailDto.swift in Sources */ = {isa = PBXBuildFile; fileRef = 861434E82AF1829100B45FF5 /* UpdateEmailDto.swift */; };
		861434EB2AF182BB00B45FF5 /* UpdateNicknameDto.swift in Sources */ = {isa = PBXBuildFile; fileRef = 861434EA2AF182BB00B45FF5 /* UpdateNicknameDto.swift */; };
		861434ED2AF182F600B45FF5 /* UpdatePasswordDto.swift in Sources */ = {isa = PBXBuildFile; fileRef = 861434EC2AF182F600B45FF5 /* UpdatePasswordDto.swift */; };
		861434F02AF1835000B45FF5 /* SuccessfulRegistrationResponseDto.swift in Sources */ = {isa = PBXBuildFile; fileRef = 861434EF2AF1835000B45FF5 /* SuccessfulRegistrationResponseDto.swift */; };
		861434F22AF1837200B45FF5 /* UserInfoDto.swift in Sources */ = {isa = PBXBuildFile; fileRef = 861434F12AF1837200B45FF5 /* UserInfoDto.swift */; };
		861434F42AF183D000B45FF5 /* UserInfoWithRoleDto.swift in Sources */ = {isa = PBXBuildFile; fileRef = 861434F32AF183D000B45FF5 /* UserInfoWithRoleDto.swift */; };
		861434F82AF1843000B45FF5 /* UpdateUserBioDto.swift in Sources */ = {isa = PBXBuildFile; fileRef = 861434F72AF1843000B45FF5 /* UpdateUserBioDto.swift */; };
		861434FA2AF1845700B45FF5 /* UpdateUserProfileVideoDto.swift in Sources */ = {isa = PBXBuildFile; fileRef = 861434F92AF1845700B45FF5 /* UpdateUserProfileVideoDto.swift */; };
		861434FD2AF184D200B45FF5 /* UserProfileVideoDto.swift in Sources */ = {isa = PBXBuildFile; fileRef = 861434FC2AF184D200B45FF5 /* UserProfileVideoDto.swift */; };
		861434FF2AF1853700B45FF5 /* FullUserInfoDto.swift in Sources */ = {isa = PBXBuildFile; fileRef = 861434FE2AF1853700B45FF5 /* FullUserInfoDto.swift */; };
		861435012AF185A500B45FF5 /* UpdatedUserBioDto.swift in Sources */ = {isa = PBXBuildFile; fileRef = 861435002AF185A500B45FF5 /* UpdatedUserBioDto.swift */; };
		861435032AF185CD00B45FF5 /* UpdatedUserProfileVideoDto.swift in Sources */ = {isa = PBXBuildFile; fileRef = 861435022AF185CD00B45FF5 /* UpdatedUserProfileVideoDto.swift */; };
		861435072AF1894D00B45FF5 /* AcceptedFriendshipDto.swift in Sources */ = {isa = PBXBuildFile; fileRef = 861435062AF1894D00B45FF5 /* AcceptedFriendshipDto.swift */; };
		8614350B2AF189E300B45FF5 /* FriendProfileVideoDto.swift in Sources */ = {isa = PBXBuildFile; fileRef = 8614350A2AF189E300B45FF5 /* FriendProfileVideoDto.swift */; };
		8614350D2AF18A4B00B45FF5 /* FriendInfoDto.swift in Sources */ = {isa = PBXBuildFile; fileRef = 8614350C2AF18A4B00B45FF5 /* FriendInfoDto.swift */; };
		8614350F2AF18AB200B45FF5 /* InvitationFriendshipDto.swift in Sources */ = {isa = PBXBuildFile; fileRef = 8614350E2AF18AB200B45FF5 /* InvitationFriendshipDto.swift */; };
		861435112AF18AF900B45FF5 /* RejectedFriendshipDto.swift in Sources */ = {isa = PBXBuildFile; fileRef = 861435102AF18AF900B45FF5 /* RejectedFriendshipDto.swift */; };
		861435132AF18B4700B45FF5 /* RequestFriendshipDto.swift in Sources */ = {isa = PBXBuildFile; fileRef = 861435122AF18B4700B45FF5 /* RequestFriendshipDto.swift */; };
		861435172AF18C0E00B45FF5 /* CreatePostCommentDto.swift in Sources */ = {isa = PBXBuildFile; fileRef = 861435162AF18C0E00B45FF5 /* CreatePostCommentDto.swift */; };
		861435192AF18C4300B45FF5 /* CreatePostCommentReactionDto.swift in Sources */ = {isa = PBXBuildFile; fileRef = 861435182AF18C4300B45FF5 /* CreatePostCommentReactionDto.swift */; };
		8614351B2AF18C7E00B45FF5 /* CreatePostReactionDto.swift in Sources */ = {isa = PBXBuildFile; fileRef = 8614351A2AF18C7E00B45FF5 /* CreatePostReactionDto.swift */; };
		8614351D2AF18CB400B45FF5 /* CreatePostRequestDto.swift in Sources */ = {isa = PBXBuildFile; fileRef = 8614351C2AF18CB400B45FF5 /* CreatePostRequestDto.swift */; };
		8614351F2AF18CF000B45FF5 /* NewPostLocalizationDto.swift in Sources */ = {isa = PBXBuildFile; fileRef = 8614351E2AF18CF000B45FF5 /* NewPostLocalizationDto.swift */; };
		861435212AF18D4B00B45FF5 /* EditPostCommentReactionDto.swift in Sources */ = {isa = PBXBuildFile; fileRef = 861435202AF18D4B00B45FF5 /* EditPostCommentReactionDto.swift */; };
		861435252AF18DAC00B45FF5 /* EditPostReactionDto.swift in Sources */ = {isa = PBXBuildFile; fileRef = 861435242AF18DAC00B45FF5 /* EditPostReactionDto.swift */; };
		861435272AF18DDF00B45FF5 /* EditPostRequestDto.swift in Sources */ = {isa = PBXBuildFile; fileRef = 861435262AF18DDF00B45FF5 /* EditPostRequestDto.swift */; };
		861435292AF18E2F00B45FF5 /* UpdatePostCommentDto.swift in Sources */ = {isa = PBXBuildFile; fileRef = 861435282AF18E2F00B45FF5 /* UpdatePostCommentDto.swift */; };
		8614352B2AF18E8300B45FF5 /* VideoMetaDataDto.swift in Sources */ = {isa = PBXBuildFile; fileRef = 8614352A2AF18E8300B45FF5 /* VideoMetaDataDto.swift */; };
		8614352E2AF18F9F00B45FF5 /* AuthorProfileVideoDto.swift in Sources */ = {isa = PBXBuildFile; fileRef = 8614352D2AF18F9F00B45FF5 /* AuthorProfileVideoDto.swift */; };
		861435302AF1901600B45FF5 /* CreatePostResponseDto.swift in Sources */ = {isa = PBXBuildFile; fileRef = 8614352F2AF1901600B45FF5 /* CreatePostResponseDto.swift */; };
		861435322AF1906D00B45FF5 /* PostTagDto.swift in Sources */ = {isa = PBXBuildFile; fileRef = 861435312AF1906D00B45FF5 /* PostTagDto.swift */; };
		861435342AF190E200B45FF5 /* PostLocalizationDto.swift in Sources */ = {isa = PBXBuildFile; fileRef = 861435332AF190E200B45FF5 /* PostLocalizationDto.swift */; };
		861435362AF1917B00B45FF5 /* PostVideoDto.swift in Sources */ = {isa = PBXBuildFile; fileRef = 861435352AF1917B00B45FF5 /* PostVideoDto.swift */; };
		861435382AF1929100B45FF5 /* PostAuthorDto.swift in Sources */ = {isa = PBXBuildFile; fileRef = 861435372AF1929100B45FF5 /* PostAuthorDto.swift */; };
		8614353B2AF1930400B45FF5 /* GetPostResponseDto.swift in Sources */ = {isa = PBXBuildFile; fileRef = 8614353A2AF1930400B45FF5 /* GetPostResponseDto.swift */; };
		8614353D2AF1941300B45FF5 /* PostCommentDto.swift in Sources */ = {isa = PBXBuildFile; fileRef = 8614353C2AF1941300B45FF5 /* PostCommentDto.swift */; };
		8614353F2AF194A400B45FF5 /* PostCommentReactionDto.swift in Sources */ = {isa = PBXBuildFile; fileRef = 8614353E2AF194A400B45FF5 /* PostCommentReactionDto.swift */; };
		861435412AF1959900B45FF5 /* PostReactionDto.swift in Sources */ = {isa = PBXBuildFile; fileRef = 861435402AF1959900B45FF5 /* PostReactionDto.swift */; };
		862D756D2A3A0A0000B6D02F /* PostDetailsView.swift in Sources */ = {isa = PBXBuildFile; fileRef = 862D756C2A3A0A0000B6D02F /* PostDetailsView.swift */; };
		862D756F2A3A0A5600B6D02F /* RegisterView.swift in Sources */ = {isa = PBXBuildFile; fileRef = 862D756E2A3A0A5600B6D02F /* RegisterView.swift */; };
		862D75712A3A137F00B6D02F /* CommentView.swift in Sources */ = {isa = PBXBuildFile; fileRef = 862D75702A3A137F00B6D02F /* CommentView.swift */; };
		862D757B2A3A163C00B6D02F /* YourFriendRowView.swift in Sources */ = {isa = PBXBuildFile; fileRef = 862D757A2A3A163C00B6D02F /* YourFriendRowView.swift */; };
		862D75812A3A166700B6D02F /* FriendsView.swift in Sources */ = {isa = PBXBuildFile; fileRef = 862D75802A3A166700B6D02F /* FriendsView.swift */; };
		862D75832A3A168D00B6D02F /* FindFriendView.swift in Sources */ = {isa = PBXBuildFile; fileRef = 862D75822A3A168D00B6D02F /* FindFriendView.swift */; };
		862D75852A3A1E3500B6D02F /* MainView.swift in Sources */ = {isa = PBXBuildFile; fileRef = 862D75842A3A1E3500B6D02F /* MainView.swift */; };
		862D75872A3C38D400B6D02F /* MapView.swift in Sources */ = {isa = PBXBuildFile; fileRef = 862D75862A3C38D400B6D02F /* MapView.swift */; };
		862D758A2A3C3BFA00B6D02F /* MapDetails.swift in Sources */ = {isa = PBXBuildFile; fileRef = 862D75892A3C3BFA00B6D02F /* MapDetails.swift */; };
		8634E2AC2AF2B4A5004989C0 /* GoogleSignIn in Frameworks */ = {isa = PBXBuildFile; productRef = 8634E2AB2AF2B4A5004989C0 /* GoogleSignIn */; };
		8634E2AE2AF2B4A5004989C0 /* GoogleSignInSwift in Frameworks */ = {isa = PBXBuildFile; productRef = 8634E2AD2AF2B4A5004989C0 /* GoogleSignInSwift */; };
		863725F92AFB99C800C933D6 /* UserAppStateExtension.swift in Sources */ = {isa = PBXBuildFile; fileRef = 863725F82AFB99C800C933D6 /* UserAppStateExtension.swift */; };
		863725FB2AFBB5E000C933D6 /* FriendsAppStateExtension.swift in Sources */ = {isa = PBXBuildFile; fileRef = 863725FA2AFBB5E000C933D6 /* FriendsAppStateExtension.swift */; };
		863A00862AF67DEB001F64B0 /* AddPasswordToAccount.swift in Sources */ = {isa = PBXBuildFile; fileRef = 863A00852AF67DEB001F64B0 /* AddPasswordToAccount.swift */; };
		863A00882AF68648001F64B0 /* ChangePassword.swift in Sources */ = {isa = PBXBuildFile; fileRef = 863A00872AF68648001F64B0 /* ChangePassword.swift */; };
		8652380B2A2F21C6002E6605 /* inMotionApp.swift in Sources */ = {isa = PBXBuildFile; fileRef = 8652380A2A2F21C6002E6605 /* inMotionApp.swift */; };
		8652380D2A2F21C6002E6605 /* ContentView.swift in Sources */ = {isa = PBXBuildFile; fileRef = 8652380C2A2F21C6002E6605 /* ContentView.swift */; };
		8652380F2A2F21C8002E6605 /* Assets.xcassets in Resources */ = {isa = PBXBuildFile; fileRef = 8652380E2A2F21C8002E6605 /* Assets.xcassets */; };
		865238122A2F21C8002E6605 /* Preview Assets.xcassets in Resources */ = {isa = PBXBuildFile; fileRef = 865238112A2F21C8002E6605 /* Preview Assets.xcassets */; };
		865238212A2F21C8002E6605 /* inMotionTests.swift in Sources */ = {isa = PBXBuildFile; fileRef = 865238202A2F21C8002E6605 /* inMotionTests.swift */; };
		8652382B2A2F21C8002E6605 /* inMotionUITests.swift in Sources */ = {isa = PBXBuildFile; fileRef = 8652382A2A2F21C8002E6605 /* inMotionUITests.swift */; };
		8652382D2A2F21C8002E6605 /* inMotionUITestsLaunchTests.swift in Sources */ = {isa = PBXBuildFile; fileRef = 8652382C2A2F21C8002E6605 /* inMotionUITestsLaunchTests.swift */; };
		8652383B2A2F2289002E6605 /* LoginView.swift in Sources */ = {isa = PBXBuildFile; fileRef = 8652383A2A2F2289002E6605 /* LoginView.swift */; };
		8670A2F62B03CF4000726A71 /* PostCameraScreen.swift in Sources */ = {isa = PBXBuildFile; fileRef = 8670A2F52B03CF4000726A71 /* PostCameraScreen.swift */; };
		8670A2FB2B03D26200726A71 /* ViewPreview.swift in Sources */ = {isa = PBXBuildFile; fileRef = 8670A2FA2B03D26200726A71 /* ViewPreview.swift */; };
		8670A2FF2B03D3F400726A71 /* ViewController.swift in Sources */ = {isa = PBXBuildFile; fileRef = 8670A2FE2B03D3F400726A71 /* ViewController.swift */; };
		8670A3012B03D42300726A71 /* AssetWriter.swift in Sources */ = {isa = PBXBuildFile; fileRef = 8670A3002B03D42300726A71 /* AssetWriter.swift */; };
		8673104E2B03EF9A001833C1 /* DualCamSwiftWrapperView.swift in Sources */ = {isa = PBXBuildFile; fileRef = 8673104D2B03EF9A001833C1 /* DualCamSwiftWrapperView.swift */; };
		868B7CA62AF52398002A274B /* LoggedUserDetailsView.swift in Sources */ = {isa = PBXBuildFile; fileRef = 868B7CA52AF52398002A274B /* LoggedUserDetailsView.swift */; };
		869F16092A2F2C70003BFC20 /* MainWallPost.swift in Sources */ = {isa = PBXBuildFile; fileRef = 869F16082A2F2C70003BFC20 /* MainWallPost.swift */; };
		86A4179B2A3DCC9A00A52516 /* FriendshipStatusEnum.swift in Sources */ = {isa = PBXBuildFile; fileRef = 86A4179A2A3DCC9A00A52516 /* FriendshipStatusEnum.swift */; };
		86A4179D2A3DE31300A52516 /* PersonRowView.swift in Sources */ = {isa = PBXBuildFile; fileRef = 86A4179C2A3DE31300A52516 /* PersonRowView.swift */; };
		86A417A72A3E1A9200A52516 /* warsaw.mp4 in Resources */ = {isa = PBXBuildFile; fileRef = 86A417A42A3E1A9000A52516 /* warsaw.mp4 */; };
		86A417A82A3E1A9200A52516 /* paris.mp4 in Resources */ = {isa = PBXBuildFile; fileRef = 86A417A52A3E1A9100A52516 /* paris.mp4 */; };
		86A417A92A3E1A9200A52516 /* newyork.mp4 in Resources */ = {isa = PBXBuildFile; fileRef = 86A417A62A3E1A9200A52516 /* newyork.mp4 */; };
		86A417AC2A3E237600A52516 /* AVPlayerViewControllerExtension.swift in Sources */ = {isa = PBXBuildFile; fileRef = 86A417AB2A3E237600A52516 /* AVPlayerViewControllerExtension.swift */; };
		86DDF89B2AFFE74000967B44 /* OtherUserDetailsView.swift in Sources */ = {isa = PBXBuildFile; fileRef = 86DDF89A2AFFE74000967B44 /* OtherUserDetailsView.swift */; };
		86F62FA02B03DA4100B4F02A /* DualCamView.storyboard in Resources */ = {isa = PBXBuildFile; fileRef = 86F62F9F2B03DA4100B4F02A /* DualCamView.storyboard */; };
/* End PBXBuildFile section */

/* Begin PBXContainerItemProxy section */
		8652381D2A2F21C8002E6605 /* PBXContainerItemProxy */ = {
			isa = PBXContainerItemProxy;
			containerPortal = 865237FF2A2F21C6002E6605 /* Project object */;
			proxyType = 1;
			remoteGlobalIDString = 865238062A2F21C6002E6605;
			remoteInfo = inMotion;
		};
		865238272A2F21C8002E6605 /* PBXContainerItemProxy */ = {
			isa = PBXContainerItemProxy;
			containerPortal = 865237FF2A2F21C6002E6605 /* Project object */;
			proxyType = 1;
			remoteGlobalIDString = 865238062A2F21C6002E6605;
			remoteInfo = inMotion;
		};
/* End PBXContainerItemProxy section */

/* Begin PBXFileReference section */
		25E9F07E1FBA91BF3E84867B /* AppState.swift */ = {isa = PBXFileReference; fileEncoding = 4; lastKnownFileType = sourcecode.swift; path = AppState.swift; sourceTree = "<group>"; };
		25E9F4C3630E6BF2C1B4EB36 /* AuthAppStateExtension.swift */ = {isa = PBXFileReference; fileEncoding = 4; lastKnownFileType = sourcecode.swift; path = AuthAppStateExtension.swift; sourceTree = "<group>"; };
		25E9F634F1035EA6D3806F0B /* ValidationErrorDto.swift */ = {isa = PBXFileReference; fileEncoding = 4; lastKnownFileType = sourcecode.swift; path = ValidationErrorDto.swift; sourceTree = "<group>"; };
		25E9F960BD31B07AD902FC8B /* JsonUtil.swift */ = {isa = PBXFileReference; fileEncoding = 4; lastKnownFileType = sourcecode.swift; path = JsonUtil.swift; sourceTree = "<group>"; };
		25E9FABE0CDC6384BC4DCB82 /* DateFormatter.swift */ = {isa = PBXFileReference; fileEncoding = 4; lastKnownFileType = sourcecode.swift; path = DateFormatter.swift; sourceTree = "<group>"; };
		25E9FC76AD0AE0E08DA0B740 /* JSONDecodeExtension.swift */ = {isa = PBXFileReference; fileEncoding = 4; lastKnownFileType = sourcecode.swift; path = JSONDecodeExtension.swift; sourceTree = "<group>"; };
		861434D52AF17D2700B45FF5 /* ImsHttpError.swift */ = {isa = PBXFileReference; lastKnownFileType = sourcecode.swift; path = ImsHttpError.swift; sourceTree = "<group>"; };
		861434D72AF17E2B00B45FF5 /* ImsHttpMessage.swift */ = {isa = PBXFileReference; lastKnownFileType = sourcecode.swift; path = ImsHttpMessage.swift; sourceTree = "<group>"; };
		861434D92AF17F8F00B45FF5 /* ImsPagination.swift */ = {isa = PBXFileReference; lastKnownFileType = sourcecode.swift; path = ImsPagination.swift; sourceTree = "<group>"; };
		861434DB2AF1802400B45FF5 /* ImsPaginationRequestDto.swift */ = {isa = PBXFileReference; lastKnownFileType = sourcecode.swift; path = ImsPaginationRequestDto.swift; sourceTree = "<group>"; };
		861434DE2AF1808600B45FF5 /* AddPasswordDto.swift */ = {isa = PBXFileReference; lastKnownFileType = sourcecode.swift; path = AddPasswordDto.swift; sourceTree = "<group>"; };
		861434E02AF180DF00B45FF5 /* AuthenticateWithFacebookProviderDto.swift */ = {isa = PBXFileReference; lastKnownFileType = sourcecode.swift; path = AuthenticateWithFacebookProviderDto.swift; sourceTree = "<group>"; };
		861434E22AF1813600B45FF5 /* AuthenticateWithGoogleProviderDto.swift */ = {isa = PBXFileReference; lastKnownFileType = sourcecode.swift; path = AuthenticateWithGoogleProviderDto.swift; sourceTree = "<group>"; };
		861434E42AF1818100B45FF5 /* LoginUserWithEmailAndPasswordDto.swift */ = {isa = PBXFileReference; lastKnownFileType = sourcecode.swift; path = LoginUserWithEmailAndPasswordDto.swift; sourceTree = "<group>"; };
		861434E62AF181A800B45FF5 /* RegisterUserWithEmailAndPasswordDto.swift */ = {isa = PBXFileReference; lastKnownFileType = sourcecode.swift; path = RegisterUserWithEmailAndPasswordDto.swift; sourceTree = "<group>"; };
		861434E82AF1829100B45FF5 /* UpdateEmailDto.swift */ = {isa = PBXFileReference; lastKnownFileType = sourcecode.swift; path = UpdateEmailDto.swift; sourceTree = "<group>"; };
		861434EA2AF182BB00B45FF5 /* UpdateNicknameDto.swift */ = {isa = PBXFileReference; lastKnownFileType = sourcecode.swift; path = UpdateNicknameDto.swift; sourceTree = "<group>"; };
		861434EC2AF182F600B45FF5 /* UpdatePasswordDto.swift */ = {isa = PBXFileReference; lastKnownFileType = sourcecode.swift; path = UpdatePasswordDto.swift; sourceTree = "<group>"; };
		861434EF2AF1835000B45FF5 /* SuccessfulRegistrationResponseDto.swift */ = {isa = PBXFileReference; lastKnownFileType = sourcecode.swift; path = SuccessfulRegistrationResponseDto.swift; sourceTree = "<group>"; };
		861434F12AF1837200B45FF5 /* UserInfoDto.swift */ = {isa = PBXFileReference; lastKnownFileType = sourcecode.swift; path = UserInfoDto.swift; sourceTree = "<group>"; };
		861434F32AF183D000B45FF5 /* UserInfoWithRoleDto.swift */ = {isa = PBXFileReference; lastKnownFileType = sourcecode.swift; path = UserInfoWithRoleDto.swift; sourceTree = "<group>"; };
		861434F72AF1843000B45FF5 /* UpdateUserBioDto.swift */ = {isa = PBXFileReference; lastKnownFileType = sourcecode.swift; path = UpdateUserBioDto.swift; sourceTree = "<group>"; };
		861434F92AF1845700B45FF5 /* UpdateUserProfileVideoDto.swift */ = {isa = PBXFileReference; lastKnownFileType = sourcecode.swift; path = UpdateUserProfileVideoDto.swift; sourceTree = "<group>"; };
		861434FC2AF184D200B45FF5 /* UserProfileVideoDto.swift */ = {isa = PBXFileReference; lastKnownFileType = sourcecode.swift; path = UserProfileVideoDto.swift; sourceTree = "<group>"; };
		861434FE2AF1853700B45FF5 /* FullUserInfoDto.swift */ = {isa = PBXFileReference; lastKnownFileType = sourcecode.swift; path = FullUserInfoDto.swift; sourceTree = "<group>"; };
		861435002AF185A500B45FF5 /* UpdatedUserBioDto.swift */ = {isa = PBXFileReference; lastKnownFileType = sourcecode.swift; path = UpdatedUserBioDto.swift; sourceTree = "<group>"; };
		861435022AF185CD00B45FF5 /* UpdatedUserProfileVideoDto.swift */ = {isa = PBXFileReference; lastKnownFileType = sourcecode.swift; path = UpdatedUserProfileVideoDto.swift; sourceTree = "<group>"; };
		861435062AF1894D00B45FF5 /* AcceptedFriendshipDto.swift */ = {isa = PBXFileReference; lastKnownFileType = sourcecode.swift; path = AcceptedFriendshipDto.swift; sourceTree = "<group>"; };
		8614350A2AF189E300B45FF5 /* FriendProfileVideoDto.swift */ = {isa = PBXFileReference; lastKnownFileType = sourcecode.swift; path = FriendProfileVideoDto.swift; sourceTree = "<group>"; };
		8614350C2AF18A4B00B45FF5 /* FriendInfoDto.swift */ = {isa = PBXFileReference; lastKnownFileType = sourcecode.swift; path = FriendInfoDto.swift; sourceTree = "<group>"; };
		8614350E2AF18AB200B45FF5 /* InvitationFriendshipDto.swift */ = {isa = PBXFileReference; lastKnownFileType = sourcecode.swift; path = InvitationFriendshipDto.swift; sourceTree = "<group>"; };
		861435102AF18AF900B45FF5 /* RejectedFriendshipDto.swift */ = {isa = PBXFileReference; lastKnownFileType = sourcecode.swift; path = RejectedFriendshipDto.swift; sourceTree = "<group>"; };
		861435122AF18B4700B45FF5 /* RequestFriendshipDto.swift */ = {isa = PBXFileReference; lastKnownFileType = sourcecode.swift; path = RequestFriendshipDto.swift; sourceTree = "<group>"; };
		861435162AF18C0E00B45FF5 /* CreatePostCommentDto.swift */ = {isa = PBXFileReference; lastKnownFileType = sourcecode.swift; path = CreatePostCommentDto.swift; sourceTree = "<group>"; };
		861435182AF18C4300B45FF5 /* CreatePostCommentReactionDto.swift */ = {isa = PBXFileReference; lastKnownFileType = sourcecode.swift; path = CreatePostCommentReactionDto.swift; sourceTree = "<group>"; };
		8614351A2AF18C7E00B45FF5 /* CreatePostReactionDto.swift */ = {isa = PBXFileReference; lastKnownFileType = sourcecode.swift; path = CreatePostReactionDto.swift; sourceTree = "<group>"; };
		8614351C2AF18CB400B45FF5 /* CreatePostRequestDto.swift */ = {isa = PBXFileReference; lastKnownFileType = sourcecode.swift; path = CreatePostRequestDto.swift; sourceTree = "<group>"; };
		8614351E2AF18CF000B45FF5 /* NewPostLocalizationDto.swift */ = {isa = PBXFileReference; lastKnownFileType = sourcecode.swift; path = NewPostLocalizationDto.swift; sourceTree = "<group>"; };
		861435202AF18D4B00B45FF5 /* EditPostCommentReactionDto.swift */ = {isa = PBXFileReference; lastKnownFileType = sourcecode.swift; path = EditPostCommentReactionDto.swift; sourceTree = "<group>"; };
		861435242AF18DAC00B45FF5 /* EditPostReactionDto.swift */ = {isa = PBXFileReference; lastKnownFileType = sourcecode.swift; path = EditPostReactionDto.swift; sourceTree = "<group>"; };
		861435262AF18DDF00B45FF5 /* EditPostRequestDto.swift */ = {isa = PBXFileReference; lastKnownFileType = sourcecode.swift; path = EditPostRequestDto.swift; sourceTree = "<group>"; };
		861435282AF18E2F00B45FF5 /* UpdatePostCommentDto.swift */ = {isa = PBXFileReference; lastKnownFileType = sourcecode.swift; path = UpdatePostCommentDto.swift; sourceTree = "<group>"; };
		8614352A2AF18E8300B45FF5 /* VideoMetaDataDto.swift */ = {isa = PBXFileReference; lastKnownFileType = sourcecode.swift; path = VideoMetaDataDto.swift; sourceTree = "<group>"; };
		8614352D2AF18F9F00B45FF5 /* AuthorProfileVideoDto.swift */ = {isa = PBXFileReference; lastKnownFileType = sourcecode.swift; path = AuthorProfileVideoDto.swift; sourceTree = "<group>"; };
		8614352F2AF1901600B45FF5 /* CreatePostResponseDto.swift */ = {isa = PBXFileReference; lastKnownFileType = sourcecode.swift; path = CreatePostResponseDto.swift; sourceTree = "<group>"; };
		861435312AF1906D00B45FF5 /* PostTagDto.swift */ = {isa = PBXFileReference; lastKnownFileType = sourcecode.swift; path = PostTagDto.swift; sourceTree = "<group>"; };
		861435332AF190E200B45FF5 /* PostLocalizationDto.swift */ = {isa = PBXFileReference; lastKnownFileType = sourcecode.swift; path = PostLocalizationDto.swift; sourceTree = "<group>"; };
		861435352AF1917B00B45FF5 /* PostVideoDto.swift */ = {isa = PBXFileReference; lastKnownFileType = sourcecode.swift; path = PostVideoDto.swift; sourceTree = "<group>"; };
		861435372AF1929100B45FF5 /* PostAuthorDto.swift */ = {isa = PBXFileReference; lastKnownFileType = sourcecode.swift; path = PostAuthorDto.swift; sourceTree = "<group>"; };
		8614353A2AF1930400B45FF5 /* GetPostResponseDto.swift */ = {isa = PBXFileReference; lastKnownFileType = sourcecode.swift; path = GetPostResponseDto.swift; sourceTree = "<group>"; };
		8614353C2AF1941300B45FF5 /* PostCommentDto.swift */ = {isa = PBXFileReference; lastKnownFileType = sourcecode.swift; path = PostCommentDto.swift; sourceTree = "<group>"; };
		8614353E2AF194A400B45FF5 /* PostCommentReactionDto.swift */ = {isa = PBXFileReference; lastKnownFileType = sourcecode.swift; path = PostCommentReactionDto.swift; sourceTree = "<group>"; };
		861435402AF1959900B45FF5 /* PostReactionDto.swift */ = {isa = PBXFileReference; lastKnownFileType = sourcecode.swift; path = PostReactionDto.swift; sourceTree = "<group>"; };
		862D756C2A3A0A0000B6D02F /* PostDetailsView.swift */ = {isa = PBXFileReference; lastKnownFileType = sourcecode.swift; path = PostDetailsView.swift; sourceTree = "<group>"; };
		862D756E2A3A0A5600B6D02F /* RegisterView.swift */ = {isa = PBXFileReference; lastKnownFileType = sourcecode.swift; path = RegisterView.swift; sourceTree = "<group>"; };
		862D75702A3A137F00B6D02F /* CommentView.swift */ = {isa = PBXFileReference; lastKnownFileType = sourcecode.swift; path = CommentView.swift; sourceTree = "<group>"; };
		862D757A2A3A163C00B6D02F /* YourFriendRowView.swift */ = {isa = PBXFileReference; fileEncoding = 4; lastKnownFileType = sourcecode.swift; path = YourFriendRowView.swift; sourceTree = "<group>"; };
		862D75802A3A166700B6D02F /* FriendsView.swift */ = {isa = PBXFileReference; fileEncoding = 4; lastKnownFileType = sourcecode.swift; path = FriendsView.swift; sourceTree = "<group>"; };
		862D75822A3A168D00B6D02F /* FindFriendView.swift */ = {isa = PBXFileReference; lastKnownFileType = sourcecode.swift; path = FindFriendView.swift; sourceTree = "<group>"; };
		862D75842A3A1E3500B6D02F /* MainView.swift */ = {isa = PBXFileReference; lastKnownFileType = sourcecode.swift; path = MainView.swift; sourceTree = "<group>"; };
		862D75862A3C38D400B6D02F /* MapView.swift */ = {isa = PBXFileReference; lastKnownFileType = sourcecode.swift; path = MapView.swift; sourceTree = "<group>"; };
		862D75892A3C3BFA00B6D02F /* MapDetails.swift */ = {isa = PBXFileReference; lastKnownFileType = sourcecode.swift; path = MapDetails.swift; sourceTree = "<group>"; };
		863725F82AFB99C800C933D6 /* UserAppStateExtension.swift */ = {isa = PBXFileReference; lastKnownFileType = sourcecode.swift; path = UserAppStateExtension.swift; sourceTree = "<group>"; };
		863725FA2AFBB5E000C933D6 /* FriendsAppStateExtension.swift */ = {isa = PBXFileReference; lastKnownFileType = sourcecode.swift; path = FriendsAppStateExtension.swift; sourceTree = "<group>"; };
		863A00852AF67DEB001F64B0 /* AddPasswordToAccount.swift */ = {isa = PBXFileReference; lastKnownFileType = sourcecode.swift; path = AddPasswordToAccount.swift; sourceTree = "<group>"; };
		863A00872AF68648001F64B0 /* ChangePassword.swift */ = {isa = PBXFileReference; lastKnownFileType = sourcecode.swift; path = ChangePassword.swift; sourceTree = "<group>"; };
		865238072A2F21C6002E6605 /* inMotion.app */ = {isa = PBXFileReference; explicitFileType = wrapper.application; includeInIndex = 0; path = inMotion.app; sourceTree = BUILT_PRODUCTS_DIR; };
		8652380A2A2F21C6002E6605 /* inMotionApp.swift */ = {isa = PBXFileReference; lastKnownFileType = sourcecode.swift; path = inMotionApp.swift; sourceTree = "<group>"; };
		8652380C2A2F21C6002E6605 /* ContentView.swift */ = {isa = PBXFileReference; lastKnownFileType = sourcecode.swift; path = ContentView.swift; sourceTree = "<group>"; };
		8652380E2A2F21C8002E6605 /* Assets.xcassets */ = {isa = PBXFileReference; lastKnownFileType = folder.assetcatalog; path = Assets.xcassets; sourceTree = "<group>"; };
		865238112A2F21C8002E6605 /* Preview Assets.xcassets */ = {isa = PBXFileReference; lastKnownFileType = folder.assetcatalog; path = "Preview Assets.xcassets"; sourceTree = "<group>"; };
		8652381C2A2F21C8002E6605 /* inMotionTests.xctest */ = {isa = PBXFileReference; explicitFileType = wrapper.cfbundle; includeInIndex = 0; path = inMotionTests.xctest; sourceTree = BUILT_PRODUCTS_DIR; };
		865238202A2F21C8002E6605 /* inMotionTests.swift */ = {isa = PBXFileReference; lastKnownFileType = sourcecode.swift; path = inMotionTests.swift; sourceTree = "<group>"; };
		865238262A2F21C8002E6605 /* inMotionUITests.xctest */ = {isa = PBXFileReference; explicitFileType = wrapper.cfbundle; includeInIndex = 0; path = inMotionUITests.xctest; sourceTree = BUILT_PRODUCTS_DIR; };
		8652382A2A2F21C8002E6605 /* inMotionUITests.swift */ = {isa = PBXFileReference; lastKnownFileType = sourcecode.swift; path = inMotionUITests.swift; sourceTree = "<group>"; };
		8652382C2A2F21C8002E6605 /* inMotionUITestsLaunchTests.swift */ = {isa = PBXFileReference; lastKnownFileType = sourcecode.swift; path = inMotionUITestsLaunchTests.swift; sourceTree = "<group>"; };
		8652383A2A2F2289002E6605 /* LoginView.swift */ = {isa = PBXFileReference; lastKnownFileType = sourcecode.swift; path = LoginView.swift; sourceTree = "<group>"; };
		8670A2F52B03CF4000726A71 /* PostCameraScreen.swift */ = {isa = PBXFileReference; lastKnownFileType = sourcecode.swift; path = PostCameraScreen.swift; sourceTree = "<group>"; };
		8670A2FA2B03D26200726A71 /* ViewPreview.swift */ = {isa = PBXFileReference; lastKnownFileType = sourcecode.swift; path = ViewPreview.swift; sourceTree = "<group>"; };
		8670A2FE2B03D3F400726A71 /* ViewController.swift */ = {isa = PBXFileReference; lastKnownFileType = sourcecode.swift; path = ViewController.swift; sourceTree = "<group>"; };
		8670A3002B03D42300726A71 /* AssetWriter.swift */ = {isa = PBXFileReference; lastKnownFileType = sourcecode.swift; path = AssetWriter.swift; sourceTree = "<group>"; };
		8673104D2B03EF9A001833C1 /* DualCamSwiftWrapperView.swift */ = {isa = PBXFileReference; lastKnownFileType = sourcecode.swift; path = DualCamSwiftWrapperView.swift; sourceTree = "<group>"; };
		868B7CA52AF52398002A274B /* LoggedUserDetailsView.swift */ = {isa = PBXFileReference; lastKnownFileType = sourcecode.swift; path = LoggedUserDetailsView.swift; sourceTree = "<group>"; };
		869F16082A2F2C70003BFC20 /* MainWallPost.swift */ = {isa = PBXFileReference; lastKnownFileType = sourcecode.swift; path = MainWallPost.swift; sourceTree = "<group>"; };
		86A4179A2A3DCC9A00A52516 /* FriendshipStatusEnum.swift */ = {isa = PBXFileReference; lastKnownFileType = sourcecode.swift; path = FriendshipStatusEnum.swift; sourceTree = "<group>"; };
		86A4179C2A3DE31300A52516 /* PersonRowView.swift */ = {isa = PBXFileReference; lastKnownFileType = sourcecode.swift; path = PersonRowView.swift; sourceTree = "<group>"; };
		86A417A42A3E1A9000A52516 /* warsaw.mp4 */ = {isa = PBXFileReference; lastKnownFileType = file; path = warsaw.mp4; sourceTree = "<group>"; };
		86A417A52A3E1A9100A52516 /* paris.mp4 */ = {isa = PBXFileReference; lastKnownFileType = file; path = paris.mp4; sourceTree = "<group>"; };
		86A417A62A3E1A9200A52516 /* newyork.mp4 */ = {isa = PBXFileReference; lastKnownFileType = file; path = newyork.mp4; sourceTree = "<group>"; };
		86A417AB2A3E237600A52516 /* AVPlayerViewControllerExtension.swift */ = {isa = PBXFileReference; lastKnownFileType = sourcecode.swift; path = AVPlayerViewControllerExtension.swift; sourceTree = "<group>"; };
		86DDF89A2AFFE74000967B44 /* OtherUserDetailsView.swift */ = {isa = PBXFileReference; lastKnownFileType = sourcecode.swift; path = OtherUserDetailsView.swift; sourceTree = "<group>"; };
		86F62F9F2B03DA4100B4F02A /* DualCamView.storyboard */ = {isa = PBXFileReference; lastKnownFileType = file.storyboard; path = DualCamView.storyboard; sourceTree = "<group>"; };
/* End PBXFileReference section */

/* Begin PBXFrameworksBuildPhase section */
		865238042A2F21C6002E6605 /* Frameworks */ = {
			isa = PBXFrameworksBuildPhase;
			buildActionMask = 2147483647;
			files = (
				8634E2AC2AF2B4A5004989C0 /* GoogleSignIn in Frameworks */,
				8634E2AE2AF2B4A5004989C0 /* GoogleSignInSwift in Frameworks */,
			);
			runOnlyForDeploymentPostprocessing = 0;
		};
		865238192A2F21C8002E6605 /* Frameworks */ = {
			isa = PBXFrameworksBuildPhase;
			buildActionMask = 2147483647;
			files = (
			);
			runOnlyForDeploymentPostprocessing = 0;
		};
		865238232A2F21C8002E6605 /* Frameworks */ = {
			isa = PBXFrameworksBuildPhase;
			buildActionMask = 2147483647;
			files = (
			);
			runOnlyForDeploymentPostprocessing = 0;
		};
/* End PBXFrameworksBuildPhase section */

/* Begin PBXGroup section */
		860E588A2B03C05400F988A4 /* Media */ = {
			isa = PBXGroup;
			children = (
				860E588C2B03C08300F988A4 /* Incoming */,
				860E588B2B03C07200F988A4 /* Outgoing */,
			);
			path = Media;
			sourceTree = "<group>";
		};
		860E588B2B03C07200F988A4 /* Outgoing */ = {
			isa = PBXGroup;
			children = (
			);
			path = Outgoing;
			sourceTree = "<group>";
		};
		860E588C2B03C08300F988A4 /* Incoming */ = {
			isa = PBXGroup;
			children = (
			);
			path = Incoming;
			sourceTree = "<group>";
		};
		861434D42AF17C5200B45FF5 /* Auth */ = {
			isa = PBXGroup;
			children = (
				861434EE2AF1833800B45FF5 /* Incoming */,
				861434DD2AF1806C00B45FF5 /* Outgoing */,
			);
			path = Auth;
			sourceTree = "<group>";
		};
		861434DD2AF1806C00B45FF5 /* Outgoing */ = {
			isa = PBXGroup;
			children = (
				861434DE2AF1808600B45FF5 /* AddPasswordDto.swift */,
				861434E02AF180DF00B45FF5 /* AuthenticateWithFacebookProviderDto.swift */,
				861434E22AF1813600B45FF5 /* AuthenticateWithGoogleProviderDto.swift */,
				861434E42AF1818100B45FF5 /* LoginUserWithEmailAndPasswordDto.swift */,
				861434E62AF181A800B45FF5 /* RegisterUserWithEmailAndPasswordDto.swift */,
				861434E82AF1829100B45FF5 /* UpdateEmailDto.swift */,
				861434EA2AF182BB00B45FF5 /* UpdateNicknameDto.swift */,
				861434EC2AF182F600B45FF5 /* UpdatePasswordDto.swift */,
			);
			path = Outgoing;
			sourceTree = "<group>";
		};
		861434EE2AF1833800B45FF5 /* Incoming */ = {
			isa = PBXGroup;
			children = (
				861434EF2AF1835000B45FF5 /* SuccessfulRegistrationResponseDto.swift */,
				861434F12AF1837200B45FF5 /* UserInfoDto.swift */,
				861434F32AF183D000B45FF5 /* UserInfoWithRoleDto.swift */,
			);
			path = Incoming;
			sourceTree = "<group>";
		};
		861434F52AF1841000B45FF5 /* User */ = {
			isa = PBXGroup;
			children = (
				861434FB2AF184B300B45FF5 /* Incoming */,
				861434F62AF1841800B45FF5 /* Outgoing */,
			);
			path = User;
			sourceTree = "<group>";
		};
		861434F62AF1841800B45FF5 /* Outgoing */ = {
			isa = PBXGroup;
			children = (
				861434F72AF1843000B45FF5 /* UpdateUserBioDto.swift */,
				861434F92AF1845700B45FF5 /* UpdateUserProfileVideoDto.swift */,
			);
			path = Outgoing;
			sourceTree = "<group>";
		};
		861434FB2AF184B300B45FF5 /* Incoming */ = {
			isa = PBXGroup;
			children = (
				861434FC2AF184D200B45FF5 /* UserProfileVideoDto.swift */,
				861434FE2AF1853700B45FF5 /* FullUserInfoDto.swift */,
				861435002AF185A500B45FF5 /* UpdatedUserBioDto.swift */,
				861435022AF185CD00B45FF5 /* UpdatedUserProfileVideoDto.swift */,
			);
			path = Incoming;
			sourceTree = "<group>";
		};
		861435042AF186BC00B45FF5 /* Friends */ = {
			isa = PBXGroup;
			children = (
				861435052AF1890100B45FF5 /* Incoming */,
			);
			path = Friends;
			sourceTree = "<group>";
		};
		861435052AF1890100B45FF5 /* Incoming */ = {
			isa = PBXGroup;
			children = (
				861435062AF1894D00B45FF5 /* AcceptedFriendshipDto.swift */,
				8614350A2AF189E300B45FF5 /* FriendProfileVideoDto.swift */,
				8614350C2AF18A4B00B45FF5 /* FriendInfoDto.swift */,
				8614350E2AF18AB200B45FF5 /* InvitationFriendshipDto.swift */,
				861435102AF18AF900B45FF5 /* RejectedFriendshipDto.swift */,
				861435122AF18B4700B45FF5 /* RequestFriendshipDto.swift */,
			);
			path = Incoming;
			sourceTree = "<group>";
		};
		861435142AF18BA600B45FF5 /* Post */ = {
			isa = PBXGroup;
			children = (
				8614352C2AF18EE600B45FF5 /* Incoming */,
				861435152AF18BF800B45FF5 /* Outgoing */,
			);
			path = Post;
			sourceTree = "<group>";
		};
		861435152AF18BF800B45FF5 /* Outgoing */ = {
			isa = PBXGroup;
			children = (
				861435162AF18C0E00B45FF5 /* CreatePostCommentDto.swift */,
				861435182AF18C4300B45FF5 /* CreatePostCommentReactionDto.swift */,
				8614351A2AF18C7E00B45FF5 /* CreatePostReactionDto.swift */,
				8614351C2AF18CB400B45FF5 /* CreatePostRequestDto.swift */,
				8614351E2AF18CF000B45FF5 /* NewPostLocalizationDto.swift */,
				861435202AF18D4B00B45FF5 /* EditPostCommentReactionDto.swift */,
				861435242AF18DAC00B45FF5 /* EditPostReactionDto.swift */,
				861435262AF18DDF00B45FF5 /* EditPostRequestDto.swift */,
				861435282AF18E2F00B45FF5 /* UpdatePostCommentDto.swift */,
				8614352A2AF18E8300B45FF5 /* VideoMetaDataDto.swift */,
			);
			path = Outgoing;
			sourceTree = "<group>";
		};
		8614352C2AF18EE600B45FF5 /* Incoming */ = {
			isa = PBXGroup;
			children = (
				8614352D2AF18F9F00B45FF5 /* AuthorProfileVideoDto.swift */,
				8614352F2AF1901600B45FF5 /* CreatePostResponseDto.swift */,
				861435312AF1906D00B45FF5 /* PostTagDto.swift */,
				861435332AF190E200B45FF5 /* PostLocalizationDto.swift */,
				861435352AF1917B00B45FF5 /* PostVideoDto.swift */,
				861435372AF1929100B45FF5 /* PostAuthorDto.swift */,
				8614353A2AF1930400B45FF5 /* GetPostResponseDto.swift */,
				8614353C2AF1941300B45FF5 /* PostCommentDto.swift */,
				8614353E2AF194A400B45FF5 /* PostCommentReactionDto.swift */,
				861435402AF1959900B45FF5 /* PostReactionDto.swift */,
			);
			path = Incoming;
			sourceTree = "<group>";
		};
		863A00842AF67DCE001F64B0 /* Cards */ = {
			isa = PBXGroup;
			children = (
				863A00852AF67DEB001F64B0 /* AddPasswordToAccount.swift */,
				863A00872AF68648001F64B0 /* ChangePassword.swift */,
			);
			path = Cards;
			sourceTree = "<group>";
		};
		865237FE2A2F21C6002E6605 = {
			isa = PBXGroup;
			children = (
				86A417A62A3E1A9200A52516 /* newyork.mp4 */,
				86A417A52A3E1A9100A52516 /* paris.mp4 */,
				86A417A42A3E1A9000A52516 /* warsaw.mp4 */,
				865238092A2F21C6002E6605 /* inMotion */,
				8652381F2A2F21C8002E6605 /* inMotionTests */,
				865238292A2F21C8002E6605 /* inMotionUITests */,
				865238082A2F21C6002E6605 /* Products */,
			);
			sourceTree = "<group>";
		};
		865238082A2F21C6002E6605 /* Products */ = {
			isa = PBXGroup;
			children = (
				865238072A2F21C6002E6605 /* inMotion.app */,
				8652381C2A2F21C8002E6605 /* inMotionTests.xctest */,
				865238262A2F21C8002E6605 /* inMotionUITests.xctest */,
			);
			name = Products;
			sourceTree = "<group>";
		};
		865238092A2F21C6002E6605 /* inMotion */ = {
			isa = PBXGroup;
			children = (
				86BBAA242AF1976200E69F12 /* Services */,
				86A417AA2A3E235800A52516 /* Utils */,
				8655FF272A2FD63E00D407F2 /* Models */,
				865238392A2F2270002E6605 /* Views */,
				8652380A2A2F21C6002E6605 /* inMotionApp.swift */,
				8652380C2A2F21C6002E6605 /* ContentView.swift */,
				8652380E2A2F21C8002E6605 /* Assets.xcassets */,
				865238102A2F21C8002E6605 /* Preview Content */,
			);
			path = inMotion;
			sourceTree = "<group>";
		};
		865238102A2F21C8002E6605 /* Preview Content */ = {
			isa = PBXGroup;
			children = (
				865238112A2F21C8002E6605 /* Preview Assets.xcassets */,
			);
			path = "Preview Content";
			sourceTree = "<group>";
		};
		8652381F2A2F21C8002E6605 /* inMotionTests */ = {
			isa = PBXGroup;
			children = (
				865238202A2F21C8002E6605 /* inMotionTests.swift */,
			);
			path = inMotionTests;
			sourceTree = "<group>";
		};
		865238292A2F21C8002E6605 /* inMotionUITests */ = {
			isa = PBXGroup;
			children = (
				8652382A2A2F21C8002E6605 /* inMotionUITests.swift */,
				8652382C2A2F21C8002E6605 /* inMotionUITestsLaunchTests.swift */,
			);
			path = inMotionUITests;
			sourceTree = "<group>";
		};
		865238392A2F2270002E6605 /* Views */ = {
			isa = PBXGroup;
			children = (
				8670A2F92B03D24300726A71 /* CameraViews */,
				863A00842AF67DCE001F64B0 /* Cards */,
				869F16072A2F2C2F003BFC20 /* Components */,
				862D75802A3A166700B6D02F /* FriendsView.swift */,
				8652383A2A2F2289002E6605 /* LoginView.swift */,
				862D756C2A3A0A0000B6D02F /* PostDetailsView.swift */,
				862D756E2A3A0A5600B6D02F /* RegisterView.swift */,
				862D75822A3A168D00B6D02F /* FindFriendView.swift */,
				862D75842A3A1E3500B6D02F /* MainView.swift */,
				862D75862A3C38D400B6D02F /* MapView.swift */,
				868B7CA52AF52398002A274B /* LoggedUserDetailsView.swift */,
				86DDF89A2AFFE74000967B44 /* OtherUserDetailsView.swift */,
				8670A2F52B03CF4000726A71 /* PostCameraScreen.swift */,
			);
			path = Views;
			sourceTree = "<group>";
		};
		8655FF272A2FD63E00D407F2 /* Models */ = {
			isa = PBXGroup;
			children = (
				8662728F2AE45F9200F4E236 /* DTO */,
				862D75892A3C3BFA00B6D02F /* MapDetails.swift */,
				86A4179A2A3DCC9A00A52516 /* FriendshipStatusEnum.swift */,
			);
			path = Models;
			sourceTree = "<group>";
		};
		8662728F2AE45F9200F4E236 /* DTO */ = {
			isa = PBXGroup;
			children = (
				860E588A2B03C05400F988A4 /* Media */,
				861435142AF18BA600B45FF5 /* Post */,
				861435042AF186BC00B45FF5 /* Friends */,
				861434F52AF1841000B45FF5 /* User */,
				861434D42AF17C5200B45FF5 /* Auth */,
				861434D92AF17F8F00B45FF5 /* ImsPagination.swift */,
				861434D52AF17D2700B45FF5 /* ImsHttpError.swift */,
				861434D72AF17E2B00B45FF5 /* ImsHttpMessage.swift */,
				861434DB2AF1802400B45FF5 /* ImsPaginationRequestDto.swift */,
				25E9F634F1035EA6D3806F0B /* ValidationErrorDto.swift */,
			);
			path = DTO;
			sourceTree = "<group>";
		};
		8670A2F92B03D24300726A71 /* CameraViews */ = {
			isa = PBXGroup;
			children = (
				8670A2FA2B03D26200726A71 /* ViewPreview.swift */,
				8670A2FE2B03D3F400726A71 /* ViewController.swift */,
				8670A3002B03D42300726A71 /* AssetWriter.swift */,
				86F62F9F2B03DA4100B4F02A /* DualCamView.storyboard */,
				8673104D2B03EF9A001833C1 /* DualCamSwiftWrapperView.swift */,
			);
			path = CameraViews;
			sourceTree = "<group>";
		};
		869F16072A2F2C2F003BFC20 /* Components */ = {
			isa = PBXGroup;
			children = (
				862D757A2A3A163C00B6D02F /* YourFriendRowView.swift */,
				869F16082A2F2C70003BFC20 /* MainWallPost.swift */,
				862D75702A3A137F00B6D02F /* CommentView.swift */,
				86A4179C2A3DE31300A52516 /* PersonRowView.swift */,
			);
			path = Components;
			sourceTree = "<group>";
		};
		86A417AA2A3E235800A52516 /* Utils */ = {
			isa = PBXGroup;
			children = (
				86A417AB2A3E237600A52516 /* AVPlayerViewControllerExtension.swift */,
				25E9F960BD31B07AD902FC8B /* JsonUtil.swift */,
				25E9FABE0CDC6384BC4DCB82 /* DateFormatter.swift */,
				25E9FC76AD0AE0E08DA0B740 /* JSONDecodeExtension.swift */,
			);
			path = Utils;
			sourceTree = "<group>";
		};
		86BBAA242AF1976200E69F12 /* Services */ = {
			isa = PBXGroup;
			children = (
				25E9F07E1FBA91BF3E84867B /* AppState.swift */,
				25E9F4C3630E6BF2C1B4EB36 /* AuthAppStateExtension.swift */,
				863725F82AFB99C800C933D6 /* UserAppStateExtension.swift */,
				863725FA2AFBB5E000C933D6 /* FriendsAppStateExtension.swift */,
			);
			path = Services;
			sourceTree = "<group>";
		};
/* End PBXGroup section */

/* Begin PBXNativeTarget section */
		865238062A2F21C6002E6605 /* inMotion */ = {
			isa = PBXNativeTarget;
			buildConfigurationList = 865238302A2F21C8002E6605 /* Build configuration list for PBXNativeTarget "inMotion" */;
			buildPhases = (
				865238032A2F21C6002E6605 /* Sources */,
				865238042A2F21C6002E6605 /* Frameworks */,
				865238052A2F21C6002E6605 /* Resources */,
			);
			buildRules = (
			);
			dependencies = (
			);
			name = inMotion;
			packageProductDependencies = (
				8634E2AB2AF2B4A5004989C0 /* GoogleSignIn */,
				8634E2AD2AF2B4A5004989C0 /* GoogleSignInSwift */,
			);
			productName = inMotion;
			productReference = 865238072A2F21C6002E6605 /* inMotion.app */;
			productType = "com.apple.product-type.application";
		};
		8652381B2A2F21C8002E6605 /* inMotionTests */ = {
			isa = PBXNativeTarget;
			buildConfigurationList = 865238332A2F21C8002E6605 /* Build configuration list for PBXNativeTarget "inMotionTests" */;
			buildPhases = (
				865238182A2F21C8002E6605 /* Sources */,
				865238192A2F21C8002E6605 /* Frameworks */,
				8652381A2A2F21C8002E6605 /* Resources */,
			);
			buildRules = (
			);
			dependencies = (
				8652381E2A2F21C8002E6605 /* PBXTargetDependency */,
			);
			name = inMotionTests;
			productName = inMotionTests;
			productReference = 8652381C2A2F21C8002E6605 /* inMotionTests.xctest */;
			productType = "com.apple.product-type.bundle.unit-test";
		};
		865238252A2F21C8002E6605 /* inMotionUITests */ = {
			isa = PBXNativeTarget;
			buildConfigurationList = 865238362A2F21C8002E6605 /* Build configuration list for PBXNativeTarget "inMotionUITests" */;
			buildPhases = (
				865238222A2F21C8002E6605 /* Sources */,
				865238232A2F21C8002E6605 /* Frameworks */,
				865238242A2F21C8002E6605 /* Resources */,
			);
			buildRules = (
			);
			dependencies = (
				865238282A2F21C8002E6605 /* PBXTargetDependency */,
			);
			name = inMotionUITests;
			productName = inMotionUITests;
			productReference = 865238262A2F21C8002E6605 /* inMotionUITests.xctest */;
			productType = "com.apple.product-type.bundle.ui-testing";
		};
/* End PBXNativeTarget section */

/* Begin PBXProject section */
		865237FF2A2F21C6002E6605 /* Project object */ = {
			isa = PBXProject;
			attributes = {
				BuildIndependentTargetsInParallel = 1;
				LastSwiftUpdateCheck = 1420;
				LastUpgradeCheck = 1420;
				TargetAttributes = {
					865238062A2F21C6002E6605 = {
						CreatedOnToolsVersion = 14.2;
					};
					8652381B2A2F21C8002E6605 = {
						CreatedOnToolsVersion = 14.2;
						TestTargetID = 865238062A2F21C6002E6605;
					};
					865238252A2F21C8002E6605 = {
						CreatedOnToolsVersion = 14.2;
						TestTargetID = 865238062A2F21C6002E6605;
					};
				};
			};
			buildConfigurationList = 865238022A2F21C6002E6605 /* Build configuration list for PBXProject "inMotion" */;
			compatibilityVersion = "Xcode 14.0";
			developmentRegion = en;
			hasScannedForEncodings = 0;
			knownRegions = (
				en,
				Base,
			);
			mainGroup = 865237FE2A2F21C6002E6605;
			packageReferences = (
				8634E2AA2AF2B4A5004989C0 /* XCRemoteSwiftPackageReference "GoogleSignIn-iOS" */,
			);
			productRefGroup = 865238082A2F21C6002E6605 /* Products */;
			projectDirPath = "";
			projectRoot = "";
			targets = (
				865238062A2F21C6002E6605 /* inMotion */,
				8652381B2A2F21C8002E6605 /* inMotionTests */,
				865238252A2F21C8002E6605 /* inMotionUITests */,
			);
		};
/* End PBXProject section */

/* Begin PBXResourcesBuildPhase section */
		865238052A2F21C6002E6605 /* Resources */ = {
			isa = PBXResourcesBuildPhase;
			buildActionMask = 2147483647;
			files = (
				86A417A72A3E1A9200A52516 /* warsaw.mp4 in Resources */,
				86A417A82A3E1A9200A52516 /* paris.mp4 in Resources */,
				86A417A92A3E1A9200A52516 /* newyork.mp4 in Resources */,
				86F62FA02B03DA4100B4F02A /* DualCamView.storyboard in Resources */,
				865238122A2F21C8002E6605 /* Preview Assets.xcassets in Resources */,
				8652380F2A2F21C8002E6605 /* Assets.xcassets in Resources */,
			);
			runOnlyForDeploymentPostprocessing = 0;
		};
		8652381A2A2F21C8002E6605 /* Resources */ = {
			isa = PBXResourcesBuildPhase;
			buildActionMask = 2147483647;
			files = (
			);
			runOnlyForDeploymentPostprocessing = 0;
		};
		865238242A2F21C8002E6605 /* Resources */ = {
			isa = PBXResourcesBuildPhase;
			buildActionMask = 2147483647;
			files = (
			);
			runOnlyForDeploymentPostprocessing = 0;
		};
/* End PBXResourcesBuildPhase section */

/* Begin PBXSourcesBuildPhase section */
		865238032A2F21C6002E6605 /* Sources */ = {
			isa = PBXSourcesBuildPhase;
			buildActionMask = 2147483647;
			files = (
				861434E72AF181A800B45FF5 /* RegisterUserWithEmailAndPasswordDto.swift in Sources */,
				869F16092A2F2C70003BFC20 /* MainWallPost.swift in Sources */,
				8670A3012B03D42300726A71 /* AssetWriter.swift in Sources */,
				861434DA2AF17F8F00B45FF5 /* ImsPagination.swift in Sources */,
				862D75832A3A168D00B6D02F /* FindFriendView.swift in Sources */,
				8614351D2AF18CB400B45FF5 /* CreatePostRequestDto.swift in Sources */,
				861434FD2AF184D200B45FF5 /* UserProfileVideoDto.swift in Sources */,
				861435302AF1901600B45FF5 /* CreatePostResponseDto.swift in Sources */,
				861434DC2AF1802400B45FF5 /* ImsPaginationRequestDto.swift in Sources */,
				862D756D2A3A0A0000B6D02F /* PostDetailsView.swift in Sources */,
				861434FF2AF1853700B45FF5 /* FullUserInfoDto.swift in Sources */,
				861435032AF185CD00B45FF5 /* UpdatedUserProfileVideoDto.swift in Sources */,
				8614350D2AF18A4B00B45FF5 /* FriendInfoDto.swift in Sources */,
				86DDF89B2AFFE74000967B44 /* OtherUserDetailsView.swift in Sources */,
				862D75852A3A1E3500B6D02F /* MainView.swift in Sources */,
				862D758A2A3C3BFA00B6D02F /* MapDetails.swift in Sources */,
				8614350B2AF189E300B45FF5 /* FriendProfileVideoDto.swift in Sources */,
				8614351F2AF18CF000B45FF5 /* NewPostLocalizationDto.swift in Sources */,
				8652380D2A2F21C6002E6605 /* ContentView.swift in Sources */,
				861435382AF1929100B45FF5 /* PostAuthorDto.swift in Sources */,
				863725F92AFB99C800C933D6 /* UserAppStateExtension.swift in Sources */,
				861434E12AF180DF00B45FF5 /* AuthenticateWithFacebookProviderDto.swift in Sources */,
				861434EB2AF182BB00B45FF5 /* UpdateNicknameDto.swift in Sources */,
				861434F82AF1843000B45FF5 /* UpdateUserBioDto.swift in Sources */,
				861434D82AF17E2B00B45FF5 /* ImsHttpMessage.swift in Sources */,
				861435362AF1917B00B45FF5 /* PostVideoDto.swift in Sources */,
				86A4179D2A3DE31300A52516 /* PersonRowView.swift in Sources */,
				8614353D2AF1941300B45FF5 /* PostCommentDto.swift in Sources */,
				861434ED2AF182F600B45FF5 /* UpdatePasswordDto.swift in Sources */,
				863A00862AF67DEB001F64B0 /* AddPasswordToAccount.swift in Sources */,
				8670A2FF2B03D3F400726A71 /* ViewController.swift in Sources */,
				861435292AF18E2F00B45FF5 /* UpdatePostCommentDto.swift in Sources */,
				862D75812A3A166700B6D02F /* FriendsView.swift in Sources */,
				8614352E2AF18F9F00B45FF5 /* AuthorProfileVideoDto.swift in Sources */,
				8673104E2B03EF9A001833C1 /* DualCamSwiftWrapperView.swift in Sources */,
				861435342AF190E200B45FF5 /* PostLocalizationDto.swift in Sources */,
				861435112AF18AF900B45FF5 /* RejectedFriendshipDto.swift in Sources */,
				861434F02AF1835000B45FF5 /* SuccessfulRegistrationResponseDto.swift in Sources */,
				861435072AF1894D00B45FF5 /* AcceptedFriendshipDto.swift in Sources */,
				861435272AF18DDF00B45FF5 /* EditPostRequestDto.swift in Sources */,
				861434DF2AF1808600B45FF5 /* AddPasswordDto.swift in Sources */,
				861435132AF18B4700B45FF5 /* RequestFriendshipDto.swift in Sources */,
				861434D62AF17D2700B45FF5 /* ImsHttpError.swift in Sources */,
				861434F42AF183D000B45FF5 /* UserInfoWithRoleDto.swift in Sources */,
				861434F22AF1837200B45FF5 /* UserInfoDto.swift in Sources */,
				861435012AF185A500B45FF5 /* UpdatedUserBioDto.swift in Sources */,
				861435252AF18DAC00B45FF5 /* EditPostReactionDto.swift in Sources */,
				86A417AC2A3E237600A52516 /* AVPlayerViewControllerExtension.swift in Sources */,
				861435412AF1959900B45FF5 /* PostReactionDto.swift in Sources */,
				861434E52AF1818100B45FF5 /* LoginUserWithEmailAndPasswordDto.swift in Sources */,
				861434E32AF1813600B45FF5 /* AuthenticateWithGoogleProviderDto.swift in Sources */,
				8614351B2AF18C7E00B45FF5 /* CreatePostReactionDto.swift in Sources */,
				8614353F2AF194A400B45FF5 /* PostCommentReactionDto.swift in Sources */,
				863725FB2AFBB5E000C933D6 /* FriendsAppStateExtension.swift in Sources */,
				8614353B2AF1930400B45FF5 /* GetPostResponseDto.swift in Sources */,
				868B7CA62AF52398002A274B /* LoggedUserDetailsView.swift in Sources */,
				861435322AF1906D00B45FF5 /* PostTagDto.swift in Sources */,
				861435212AF18D4B00B45FF5 /* EditPostCommentReactionDto.swift in Sources */,
				8614350F2AF18AB200B45FF5 /* InvitationFriendshipDto.swift in Sources */,
				861434E92AF1829100B45FF5 /* UpdateEmailDto.swift in Sources */,
				861435192AF18C4300B45FF5 /* CreatePostCommentReactionDto.swift in Sources */,
				862D756F2A3A0A5600B6D02F /* RegisterView.swift in Sources */,
				862D757B2A3A163C00B6D02F /* YourFriendRowView.swift in Sources */,
				8670A2F62B03CF4000726A71 /* PostCameraScreen.swift in Sources */,
				861435172AF18C0E00B45FF5 /* CreatePostCommentDto.swift in Sources */,
				8652383B2A2F2289002E6605 /* LoginView.swift in Sources */,
				862D75872A3C38D400B6D02F /* MapView.swift in Sources */,
				8670A2FB2B03D26200726A71 /* ViewPreview.swift in Sources */,
				862D75712A3A137F00B6D02F /* CommentView.swift in Sources */,
				86A4179B2A3DCC9A00A52516 /* FriendshipStatusEnum.swift in Sources */,
				8652380B2A2F21C6002E6605 /* inMotionApp.swift in Sources */,
				8614352B2AF18E8300B45FF5 /* VideoMetaDataDto.swift in Sources */,
				863A00882AF68648001F64B0 /* ChangePassword.swift in Sources */,
				861434FA2AF1845700B45FF5 /* UpdateUserProfileVideoDto.swift in Sources */,
				25E9F4FA6E4442EC59889F83 /* JsonUtil.swift in Sources */,
				25E9FBCB41CA640768E4EF5A /* DateFormatter.swift in Sources */,
				25E9F1706A0B9AAB56C76809 /* JSONDecodeExtension.swift in Sources */,
				25E9FA404AEFE937D6AFCA88 /* AppState.swift in Sources */,
				25E9F4332CD4251B70F255E0 /* AuthAppStateExtension.swift in Sources */,
				25E9FB7C85D7A4B7F45B3121 /* ValidationErrorDto.swift in Sources */,
			);
			runOnlyForDeploymentPostprocessing = 0;
		};
		865238182A2F21C8002E6605 /* Sources */ = {
			isa = PBXSourcesBuildPhase;
			buildActionMask = 2147483647;
			files = (
				865238212A2F21C8002E6605 /* inMotionTests.swift in Sources */,
			);
			runOnlyForDeploymentPostprocessing = 0;
		};
		865238222A2F21C8002E6605 /* Sources */ = {
			isa = PBXSourcesBuildPhase;
			buildActionMask = 2147483647;
			files = (
				8652382D2A2F21C8002E6605 /* inMotionUITestsLaunchTests.swift in Sources */,
				8652382B2A2F21C8002E6605 /* inMotionUITests.swift in Sources */,
			);
			runOnlyForDeploymentPostprocessing = 0;
		};
/* End PBXSourcesBuildPhase section */

/* Begin PBXTargetDependency section */
		8652381E2A2F21C8002E6605 /* PBXTargetDependency */ = {
			isa = PBXTargetDependency;
			target = 865238062A2F21C6002E6605 /* inMotion */;
			targetProxy = 8652381D2A2F21C8002E6605 /* PBXContainerItemProxy */;
		};
		865238282A2F21C8002E6605 /* PBXTargetDependency */ = {
			isa = PBXTargetDependency;
			target = 865238062A2F21C6002E6605 /* inMotion */;
			targetProxy = 865238272A2F21C8002E6605 /* PBXContainerItemProxy */;
		};
/* End PBXTargetDependency section */

/* Begin XCBuildConfiguration section */
		8652382E2A2F21C8002E6605 /* Debug */ = {
			isa = XCBuildConfiguration;
			buildSettings = {
				ALWAYS_SEARCH_USER_PATHS = NO;
				CLANG_ANALYZER_NONNULL = YES;
				CLANG_ANALYZER_NUMBER_OBJECT_CONVERSION = YES_AGGRESSIVE;
				CLANG_CXX_LANGUAGE_STANDARD = "gnu++20";
				CLANG_ENABLE_MODULES = YES;
				CLANG_ENABLE_OBJC_ARC = YES;
				CLANG_ENABLE_OBJC_WEAK = YES;
				CLANG_WARN_BLOCK_CAPTURE_AUTORELEASING = YES;
				CLANG_WARN_BOOL_CONVERSION = YES;
				CLANG_WARN_COMMA = YES;
				CLANG_WARN_CONSTANT_CONVERSION = YES;
				CLANG_WARN_DEPRECATED_OBJC_IMPLEMENTATIONS = YES;
				CLANG_WARN_DIRECT_OBJC_ISA_USAGE = YES_ERROR;
				CLANG_WARN_DOCUMENTATION_COMMENTS = YES;
				CLANG_WARN_EMPTY_BODY = YES;
				CLANG_WARN_ENUM_CONVERSION = YES;
				CLANG_WARN_INFINITE_RECURSION = YES;
				CLANG_WARN_INT_CONVERSION = YES;
				CLANG_WARN_NON_LITERAL_NULL_CONVERSION = YES;
				CLANG_WARN_OBJC_IMPLICIT_RETAIN_SELF = YES;
				CLANG_WARN_OBJC_LITERAL_CONVERSION = YES;
				CLANG_WARN_OBJC_ROOT_CLASS = YES_ERROR;
				CLANG_WARN_QUOTED_INCLUDE_IN_FRAMEWORK_HEADER = YES;
				CLANG_WARN_RANGE_LOOP_ANALYSIS = YES;
				CLANG_WARN_STRICT_PROTOTYPES = YES;
				CLANG_WARN_SUSPICIOUS_MOVE = YES;
				CLANG_WARN_UNGUARDED_AVAILABILITY = YES_AGGRESSIVE;
				CLANG_WARN_UNREACHABLE_CODE = YES;
				CLANG_WARN__DUPLICATE_METHOD_MATCH = YES;
				COPY_PHASE_STRIP = NO;
				DEBUG_INFORMATION_FORMAT = dwarf;
				ENABLE_STRICT_OBJC_MSGSEND = YES;
				ENABLE_TESTABILITY = YES;
				GCC_C_LANGUAGE_STANDARD = gnu11;
				GCC_DYNAMIC_NO_PIC = NO;
				GCC_NO_COMMON_BLOCKS = YES;
				GCC_OPTIMIZATION_LEVEL = 0;
				GCC_PREPROCESSOR_DEFINITIONS = (
					"DEBUG=1",
					"$(inherited)",
				);
				GCC_WARN_64_TO_32_BIT_CONVERSION = YES;
				GCC_WARN_ABOUT_RETURN_TYPE = YES_ERROR;
				GCC_WARN_UNDECLARED_SELECTOR = YES;
				GCC_WARN_UNINITIALIZED_AUTOS = YES_AGGRESSIVE;
				GCC_WARN_UNUSED_FUNCTION = YES;
				GCC_WARN_UNUSED_VARIABLE = YES;
				IPHONEOS_DEPLOYMENT_TARGET = 16.2;
				MTL_ENABLE_DEBUG_INFO = INCLUDE_SOURCE;
				MTL_FAST_MATH = YES;
				ONLY_ACTIVE_ARCH = YES;
				SDKROOT = iphoneos;
				SWIFT_ACTIVE_COMPILATION_CONDITIONS = DEBUG;
				SWIFT_OPTIMIZATION_LEVEL = "-Onone";
			};
			name = Debug;
		};
		8652382F2A2F21C8002E6605 /* Release */ = {
			isa = XCBuildConfiguration;
			buildSettings = {
				ALWAYS_SEARCH_USER_PATHS = NO;
				CLANG_ANALYZER_NONNULL = YES;
				CLANG_ANALYZER_NUMBER_OBJECT_CONVERSION = YES_AGGRESSIVE;
				CLANG_CXX_LANGUAGE_STANDARD = "gnu++20";
				CLANG_ENABLE_MODULES = YES;
				CLANG_ENABLE_OBJC_ARC = YES;
				CLANG_ENABLE_OBJC_WEAK = YES;
				CLANG_WARN_BLOCK_CAPTURE_AUTORELEASING = YES;
				CLANG_WARN_BOOL_CONVERSION = YES;
				CLANG_WARN_COMMA = YES;
				CLANG_WARN_CONSTANT_CONVERSION = YES;
				CLANG_WARN_DEPRECATED_OBJC_IMPLEMENTATIONS = YES;
				CLANG_WARN_DIRECT_OBJC_ISA_USAGE = YES_ERROR;
				CLANG_WARN_DOCUMENTATION_COMMENTS = YES;
				CLANG_WARN_EMPTY_BODY = YES;
				CLANG_WARN_ENUM_CONVERSION = YES;
				CLANG_WARN_INFINITE_RECURSION = YES;
				CLANG_WARN_INT_CONVERSION = YES;
				CLANG_WARN_NON_LITERAL_NULL_CONVERSION = YES;
				CLANG_WARN_OBJC_IMPLICIT_RETAIN_SELF = YES;
				CLANG_WARN_OBJC_LITERAL_CONVERSION = YES;
				CLANG_WARN_OBJC_ROOT_CLASS = YES_ERROR;
				CLANG_WARN_QUOTED_INCLUDE_IN_FRAMEWORK_HEADER = YES;
				CLANG_WARN_RANGE_LOOP_ANALYSIS = YES;
				CLANG_WARN_STRICT_PROTOTYPES = YES;
				CLANG_WARN_SUSPICIOUS_MOVE = YES;
				CLANG_WARN_UNGUARDED_AVAILABILITY = YES_AGGRESSIVE;
				CLANG_WARN_UNREACHABLE_CODE = YES;
				CLANG_WARN__DUPLICATE_METHOD_MATCH = YES;
				COPY_PHASE_STRIP = NO;
				DEBUG_INFORMATION_FORMAT = "dwarf-with-dsym";
				ENABLE_NS_ASSERTIONS = NO;
				ENABLE_STRICT_OBJC_MSGSEND = YES;
				GCC_C_LANGUAGE_STANDARD = gnu11;
				GCC_NO_COMMON_BLOCKS = YES;
				GCC_WARN_64_TO_32_BIT_CONVERSION = YES;
				GCC_WARN_ABOUT_RETURN_TYPE = YES_ERROR;
				GCC_WARN_UNDECLARED_SELECTOR = YES;
				GCC_WARN_UNINITIALIZED_AUTOS = YES_AGGRESSIVE;
				GCC_WARN_UNUSED_FUNCTION = YES;
				GCC_WARN_UNUSED_VARIABLE = YES;
				IPHONEOS_DEPLOYMENT_TARGET = 16.2;
				MTL_ENABLE_DEBUG_INFO = NO;
				MTL_FAST_MATH = YES;
				SDKROOT = iphoneos;
				SWIFT_COMPILATION_MODE = wholemodule;
				SWIFT_OPTIMIZATION_LEVEL = "-O";
				VALIDATE_PRODUCT = YES;
			};
			name = Release;
		};
		865238312A2F21C8002E6605 /* Debug */ = {
			isa = XCBuildConfiguration;
			buildSettings = {
				ASSETCATALOG_COMPILER_APPICON_NAME = AppIcon;
				ASSETCATALOG_COMPILER_GLOBAL_ACCENT_COLOR_NAME = AccentColor;
				CODE_SIGN_STYLE = Automatic;
				CURRENT_PROJECT_VERSION = 1;
				DEVELOPMENT_ASSET_PATHS = "\"inMotion/Preview Content\"";
				DEVELOPMENT_TEAM = Y24HBAKB93;
				ENABLE_PREVIEWS = YES;
				GENERATE_INFOPLIST_FILE = YES;
				INFOPLIST_FILE = inMotion/Info.plist;
				INFOPLIST_KEY_UIApplicationSceneManifest_Generation = YES;
				INFOPLIST_KEY_UIApplicationSupportsIndirectInputEvents = YES;
				INFOPLIST_KEY_UILaunchScreen_Generation = YES;
				INFOPLIST_KEY_UISupportedInterfaceOrientations_iPad = "UIInterfaceOrientationPortrait UIInterfaceOrientationPortraitUpsideDown UIInterfaceOrientationLandscapeLeft UIInterfaceOrientationLandscapeRight";
				INFOPLIST_KEY_UISupportedInterfaceOrientations_iPhone = "UIInterfaceOrientationPortrait UIInterfaceOrientationLandscapeLeft UIInterfaceOrientationLandscapeRight";
				LD_RUNPATH_SEARCH_PATHS = (
					"$(inherited)",
					"@executable_path/Frameworks",
				);
				MARKETING_VERSION = 1.0;
				PRODUCT_BUNDLE_IDENTIFIER = com.inmotion.aplikacja;
				PRODUCT_NAME = "$(TARGET_NAME)";
				SWIFT_EMIT_LOC_STRINGS = YES;
				SWIFT_VERSION = 5.0;
				TARGETED_DEVICE_FAMILY = "1,2";
			};
			name = Debug;
		};
		865238322A2F21C8002E6605 /* Release */ = {
			isa = XCBuildConfiguration;
			buildSettings = {
				ASSETCATALOG_COMPILER_APPICON_NAME = AppIcon;
				ASSETCATALOG_COMPILER_GLOBAL_ACCENT_COLOR_NAME = AccentColor;
				CODE_SIGN_STYLE = Automatic;
				CURRENT_PROJECT_VERSION = 1;
				DEVELOPMENT_ASSET_PATHS = "\"inMotion/Preview Content\"";
				DEVELOPMENT_TEAM = Y24HBAKB93;
				ENABLE_PREVIEWS = YES;
				GENERATE_INFOPLIST_FILE = YES;
				INFOPLIST_FILE = inMotion/Info.plist;
				INFOPLIST_KEY_UIApplicationSceneManifest_Generation = YES;
				INFOPLIST_KEY_UIApplicationSupportsIndirectInputEvents = YES;
				INFOPLIST_KEY_UILaunchScreen_Generation = YES;
				INFOPLIST_KEY_UISupportedInterfaceOrientations_iPad = "UIInterfaceOrientationPortrait UIInterfaceOrientationPortraitUpsideDown UIInterfaceOrientationLandscapeLeft UIInterfaceOrientationLandscapeRight";
				INFOPLIST_KEY_UISupportedInterfaceOrientations_iPhone = "UIInterfaceOrientationPortrait UIInterfaceOrientationLandscapeLeft UIInterfaceOrientationLandscapeRight";
				LD_RUNPATH_SEARCH_PATHS = (
					"$(inherited)",
					"@executable_path/Frameworks",
				);
				MARKETING_VERSION = 1.0;
				PRODUCT_BUNDLE_IDENTIFIER = com.inmotion.aplikacja;
				PRODUCT_NAME = "$(TARGET_NAME)";
				SWIFT_EMIT_LOC_STRINGS = YES;
				SWIFT_VERSION = 5.0;
				TARGETED_DEVICE_FAMILY = "1,2";
			};
			name = Release;
		};
		865238342A2F21C8002E6605 /* Debug */ = {
			isa = XCBuildConfiguration;
			buildSettings = {
				ALWAYS_EMBED_SWIFT_STANDARD_LIBRARIES = YES;
				BUNDLE_LOADER = "$(TEST_HOST)";
				CODE_SIGN_STYLE = Automatic;
				CURRENT_PROJECT_VERSION = 1;
				DEVELOPMENT_TEAM = Y24HBAKB93;
				GENERATE_INFOPLIST_FILE = YES;
				IPHONEOS_DEPLOYMENT_TARGET = 16.2;
				MARKETING_VERSION = 1.0;
				PRODUCT_BUNDLE_IDENTIFIER = com.inmotion.inMotionTests;
				PRODUCT_NAME = "$(TARGET_NAME)";
				SWIFT_EMIT_LOC_STRINGS = NO;
				SWIFT_VERSION = 5.0;
				TARGETED_DEVICE_FAMILY = "1,2";
				TEST_HOST = "$(BUILT_PRODUCTS_DIR)/inMotion.app/$(BUNDLE_EXECUTABLE_FOLDER_PATH)/inMotion";
			};
			name = Debug;
		};
		865238352A2F21C8002E6605 /* Release */ = {
			isa = XCBuildConfiguration;
			buildSettings = {
				ALWAYS_EMBED_SWIFT_STANDARD_LIBRARIES = YES;
				BUNDLE_LOADER = "$(TEST_HOST)";
				CODE_SIGN_STYLE = Automatic;
				CURRENT_PROJECT_VERSION = 1;
				DEVELOPMENT_TEAM = Y24HBAKB93;
				GENERATE_INFOPLIST_FILE = YES;
				IPHONEOS_DEPLOYMENT_TARGET = 16.2;
				MARKETING_VERSION = 1.0;
				PRODUCT_BUNDLE_IDENTIFIER = com.inmotion.inMotionTests;
				PRODUCT_NAME = "$(TARGET_NAME)";
				SWIFT_EMIT_LOC_STRINGS = NO;
				SWIFT_VERSION = 5.0;
				TARGETED_DEVICE_FAMILY = "1,2";
				TEST_HOST = "$(BUILT_PRODUCTS_DIR)/inMotion.app/$(BUNDLE_EXECUTABLE_FOLDER_PATH)/inMotion";
			};
			name = Release;
		};
		865238372A2F21C8002E6605 /* Debug */ = {
			isa = XCBuildConfiguration;
			buildSettings = {
				ALWAYS_EMBED_SWIFT_STANDARD_LIBRARIES = YES;
				CODE_SIGN_STYLE = Automatic;
				CURRENT_PROJECT_VERSION = 1;
				DEVELOPMENT_TEAM = Y24HBAKB93;
				GENERATE_INFOPLIST_FILE = YES;
				MARKETING_VERSION = 1.0;
				PRODUCT_BUNDLE_IDENTIFIER = com.inmotion.inMotionUITests;
				PRODUCT_NAME = "$(TARGET_NAME)";
				SWIFT_EMIT_LOC_STRINGS = NO;
				SWIFT_VERSION = 5.0;
				TARGETED_DEVICE_FAMILY = "1,2";
				TEST_TARGET_NAME = inMotion;
			};
			name = Debug;
		};
		865238382A2F21C8002E6605 /* Release */ = {
			isa = XCBuildConfiguration;
			buildSettings = {
				ALWAYS_EMBED_SWIFT_STANDARD_LIBRARIES = YES;
				CODE_SIGN_STYLE = Automatic;
				CURRENT_PROJECT_VERSION = 1;
				DEVELOPMENT_TEAM = Y24HBAKB93;
				GENERATE_INFOPLIST_FILE = YES;
				MARKETING_VERSION = 1.0;
				PRODUCT_BUNDLE_IDENTIFIER = com.inmotion.inMotionUITests;
				PRODUCT_NAME = "$(TARGET_NAME)";
				SWIFT_EMIT_LOC_STRINGS = NO;
				SWIFT_VERSION = 5.0;
				TARGETED_DEVICE_FAMILY = "1,2";
				TEST_TARGET_NAME = inMotion;
			};
			name = Release;
		};
/* End XCBuildConfiguration section */

/* Begin XCConfigurationList section */
		865238022A2F21C6002E6605 /* Build configuration list for PBXProject "inMotion" */ = {
			isa = XCConfigurationList;
			buildConfigurations = (
				8652382E2A2F21C8002E6605 /* Debug */,
				8652382F2A2F21C8002E6605 /* Release */,
			);
			defaultConfigurationIsVisible = 0;
			defaultConfigurationName = Release;
		};
		865238302A2F21C8002E6605 /* Build configuration list for PBXNativeTarget "inMotion" */ = {
			isa = XCConfigurationList;
			buildConfigurations = (
				865238312A2F21C8002E6605 /* Debug */,
				865238322A2F21C8002E6605 /* Release */,
			);
			defaultConfigurationIsVisible = 0;
			defaultConfigurationName = Release;
		};
		865238332A2F21C8002E6605 /* Build configuration list for PBXNativeTarget "inMotionTests" */ = {
			isa = XCConfigurationList;
			buildConfigurations = (
				865238342A2F21C8002E6605 /* Debug */,
				865238352A2F21C8002E6605 /* Release */,
			);
			defaultConfigurationIsVisible = 0;
			defaultConfigurationName = Release;
		};
		865238362A2F21C8002E6605 /* Build configuration list for PBXNativeTarget "inMotionUITests" */ = {
			isa = XCConfigurationList;
			buildConfigurations = (
				865238372A2F21C8002E6605 /* Debug */,
				865238382A2F21C8002E6605 /* Release */,
			);
			defaultConfigurationIsVisible = 0;
			defaultConfigurationName = Release;
		};
/* End XCConfigurationList section */

/* Begin XCRemoteSwiftPackageReference section */
		8634E2AA2AF2B4A5004989C0 /* XCRemoteSwiftPackageReference "GoogleSignIn-iOS" */ = {
			isa = XCRemoteSwiftPackageReference;
			repositoryURL = "https://github.com/google/GoogleSignIn-iOS";
			requirement = {
				kind = upToNextMajorVersion;
				minimumVersion = 7.0.0;
			};
		};
/* End XCRemoteSwiftPackageReference section */

/* Begin XCSwiftPackageProductDependency section */
		8634E2AB2AF2B4A5004989C0 /* GoogleSignIn */ = {
			isa = XCSwiftPackageProductDependency;
			package = 8634E2AA2AF2B4A5004989C0 /* XCRemoteSwiftPackageReference "GoogleSignIn-iOS" */;
			productName = GoogleSignIn;
		};
		8634E2AD2AF2B4A5004989C0 /* GoogleSignInSwift */ = {
			isa = XCSwiftPackageProductDependency;
			package = 8634E2AA2AF2B4A5004989C0 /* XCRemoteSwiftPackageReference "GoogleSignIn-iOS" */;
			productName = GoogleSignInSwift;
		};
/* End XCSwiftPackageProductDependency section */
	};
	rootObject = 865237FF2A2F21C6002E6605 /* Project object */;
}
