// !$*UTF8*$!
{
	archiveVersion = 1;
	classes = {
	};
	objectVersion = 56;
	objects = {

/* Begin PBXBuildFile section */
		863D8A2529E1C6D1004DE216 /* inMotionApp.swift in Sources */ = {isa = PBXBuildFile; fileRef = 863D8A2429E1C6D1004DE216 /* inMotionApp.swift */; };
		863D8A2729E1C6D1004DE216 /* ContentView.swift in Sources */ = {isa = PBXBuildFile; fileRef = 863D8A2629E1C6D1004DE216 /* ContentView.swift */; };
		863D8A2929E1C6D3004DE216 /* Assets.xcassets in Resources */ = {isa = PBXBuildFile; fileRef = 863D8A2829E1C6D3004DE216 /* Assets.xcassets */; };
		863D8A2C29E1C6D3004DE216 /* Preview Assets.xcassets in Resources */ = {isa = PBXBuildFile; fileRef = 863D8A2B29E1C6D3004DE216 /* Preview Assets.xcassets */; };
		863D8A3629E1C6D4004DE216 /* inMotionTests.swift in Sources */ = {isa = PBXBuildFile; fileRef = 863D8A3529E1C6D4004DE216 /* inMotionTests.swift */; };
		863D8A4029E1C6D4004DE216 /* inMotionUITests.swift in Sources */ = {isa = PBXBuildFile; fileRef = 863D8A3F29E1C6D4004DE216 /* inMotionUITests.swift */; };
		863D8A4229E1C6D4004DE216 /* inMotionUITestsLaunchTests.swift in Sources */ = {isa = PBXBuildFile; fileRef = 863D8A4129E1C6D4004DE216 /* inMotionUITestsLaunchTests.swift */; };
/* End PBXBuildFile section */

/* Begin PBXContainerItemProxy section */
		863D8A3229E1C6D4004DE216 /* PBXContainerItemProxy */ = {
			isa = PBXContainerItemProxy;
			containerPortal = 863D8A1929E1C6D1004DE216 /* Project object */;
			proxyType = 1;
			remoteGlobalIDString = 863D8A2029E1C6D1004DE216;
			remoteInfo = inMotion;
		};
		863D8A3C29E1C6D4004DE216 /* PBXContainerItemProxy */ = {
			isa = PBXContainerItemProxy;
			containerPortal = 863D8A1929E1C6D1004DE216 /* Project object */;
			proxyType = 1;
			remoteGlobalIDString = 863D8A2029E1C6D1004DE216;
			remoteInfo = inMotion;
		};
/* End PBXContainerItemProxy section */

/* Begin PBXFileReference section */
		863D8A2129E1C6D1004DE216 /* inMotion.app */ = {isa = PBXFileReference; explicitFileType = wrapper.application; includeInIndex = 0; path = inMotion.app; sourceTree = BUILT_PRODUCTS_DIR; };
		863D8A2429E1C6D1004DE216 /* inMotionApp.swift */ = {isa = PBXFileReference; lastKnownFileType = sourcecode.swift; path = inMotionApp.swift; sourceTree = "<group>"; };
		863D8A2629E1C6D1004DE216 /* ContentView.swift */ = {isa = PBXFileReference; lastKnownFileType = sourcecode.swift; path = ContentView.swift; sourceTree = "<group>"; };
		863D8A2829E1C6D3004DE216 /* Assets.xcassets */ = {isa = PBXFileReference; lastKnownFileType = folder.assetcatalog; path = Assets.xcassets; sourceTree = "<group>"; };
		863D8A2B29E1C6D3004DE216 /* Preview Assets.xcassets */ = {isa = PBXFileReference; lastKnownFileType = folder.assetcatalog; path = "Preview Assets.xcassets"; sourceTree = "<group>"; };
		863D8A3129E1C6D4004DE216 /* inMotionTests.xctest */ = {isa = PBXFileReference; explicitFileType = wrapper.cfbundle; includeInIndex = 0; path = inMotionTests.xctest; sourceTree = BUILT_PRODUCTS_DIR; };
		863D8A3529E1C6D4004DE216 /* inMotionTests.swift */ = {isa = PBXFileReference; lastKnownFileType = sourcecode.swift; path = inMotionTests.swift; sourceTree = "<group>"; };
		863D8A3B29E1C6D4004DE216 /* inMotionUITests.xctest */ = {isa = PBXFileReference; explicitFileType = wrapper.cfbundle; includeInIndex = 0; path = inMotionUITests.xctest; sourceTree = BUILT_PRODUCTS_DIR; };
		863D8A3F29E1C6D4004DE216 /* inMotionUITests.swift */ = {isa = PBXFileReference; lastKnownFileType = sourcecode.swift; path = inMotionUITests.swift; sourceTree = "<group>"; };
		863D8A4129E1C6D4004DE216 /* inMotionUITestsLaunchTests.swift */ = {isa = PBXFileReference; lastKnownFileType = sourcecode.swift; path = inMotionUITestsLaunchTests.swift; sourceTree = "<group>"; };
/* End PBXFileReference section */

/* Begin PBXFrameworksBuildPhase section */
		863D8A1E29E1C6D1004DE216 /* Frameworks */ = {
			isa = PBXFrameworksBuildPhase;
			buildActionMask = 2147483647;
			files = (
			);
			runOnlyForDeploymentPostprocessing = 0;
		};
		863D8A2E29E1C6D4004DE216 /* Frameworks */ = {
			isa = PBXFrameworksBuildPhase;
			buildActionMask = 2147483647;
			files = (
			);
			runOnlyForDeploymentPostprocessing = 0;
		};
		863D8A3829E1C6D4004DE216 /* Frameworks */ = {
			isa = PBXFrameworksBuildPhase;
			buildActionMask = 2147483647;
			files = (
			);
			runOnlyForDeploymentPostprocessing = 0;
		};
/* End PBXFrameworksBuildPhase section */

/* Begin PBXGroup section */
		863D8A1829E1C6D1004DE216 = {
			isa = PBXGroup;
			children = (
				863D8A2329E1C6D1004DE216 /* inMotion */,
				863D8A3429E1C6D4004DE216 /* inMotionTests */,
				863D8A3E29E1C6D4004DE216 /* inMotionUITests */,
				863D8A2229E1C6D1004DE216 /* Products */,
			);
			sourceTree = "<group>";
		};
		863D8A2229E1C6D1004DE216 /* Products */ = {
			isa = PBXGroup;
			children = (
				863D8A2129E1C6D1004DE216 /* inMotion.app */,
				863D8A3129E1C6D4004DE216 /* inMotionTests.xctest */,
				863D8A3B29E1C6D4004DE216 /* inMotionUITests.xctest */,
			);
			name = Products;
			sourceTree = "<group>";
		};
		863D8A2329E1C6D1004DE216 /* inMotion */ = {
			isa = PBXGroup;
			children = (
				863D8A2429E1C6D1004DE216 /* inMotionApp.swift */,
				863D8A2629E1C6D1004DE216 /* ContentView.swift */,
				863D8A2829E1C6D3004DE216 /* Assets.xcassets */,
				863D8A2A29E1C6D3004DE216 /* Preview Content */,
			);
			path = inMotion;
			sourceTree = "<group>";
		};
		863D8A2A29E1C6D3004DE216 /* Preview Content */ = {
			isa = PBXGroup;
			children = (
				863D8A2B29E1C6D3004DE216 /* Preview Assets.xcassets */,
			);
			path = "Preview Content";
			sourceTree = "<group>";
		};
		863D8A3429E1C6D4004DE216 /* inMotionTests */ = {
			isa = PBXGroup;
			children = (
				863D8A3529E1C6D4004DE216 /* inMotionTests.swift */,
			);
			path = inMotionTests;
			sourceTree = "<group>";
		};
		863D8A3E29E1C6D4004DE216 /* inMotionUITests */ = {
			isa = PBXGroup;
			children = (
				863D8A3F29E1C6D4004DE216 /* inMotionUITests.swift */,
				863D8A4129E1C6D4004DE216 /* inMotionUITestsLaunchTests.swift */,
			);
			path = inMotionUITests;
			sourceTree = "<group>";
		};
/* End PBXGroup section */

/* Begin PBXNativeTarget section */
		863D8A2029E1C6D1004DE216 /* inMotion */ = {
			isa = PBXNativeTarget;
			buildConfigurationList = 863D8A4529E1C6D4004DE216 /* Build configuration list for PBXNativeTarget "inMotion" */;
			buildPhases = (
				863D8A1D29E1C6D1004DE216 /* Sources */,
				863D8A1E29E1C6D1004DE216 /* Frameworks */,
				863D8A1F29E1C6D1004DE216 /* Resources */,
			);
			buildRules = (
			);
			dependencies = (
			);
			name = inMotion;
			productName = inMotion;
			productReference = 863D8A2129E1C6D1004DE216 /* inMotion.app */;
			productType = "com.apple.product-type.application";
		};
		863D8A3029E1C6D4004DE216 /* inMotionTests */ = {
			isa = PBXNativeTarget;
			buildConfigurationList = 863D8A4829E1C6D4004DE216 /* Build configuration list for PBXNativeTarget "inMotionTests" */;
			buildPhases = (
				863D8A2D29E1C6D4004DE216 /* Sources */,
				863D8A2E29E1C6D4004DE216 /* Frameworks */,
				863D8A2F29E1C6D4004DE216 /* Resources */,
			);
			buildRules = (
			);
			dependencies = (
				863D8A3329E1C6D4004DE216 /* PBXTargetDependency */,
			);
			name = inMotionTests;
			productName = inMotionTests;
			productReference = 863D8A3129E1C6D4004DE216 /* inMotionTests.xctest */;
			productType = "com.apple.product-type.bundle.unit-test";
		};
		863D8A3A29E1C6D4004DE216 /* inMotionUITests */ = {
			isa = PBXNativeTarget;
			buildConfigurationList = 863D8A4B29E1C6D4004DE216 /* Build configuration list for PBXNativeTarget "inMotionUITests" */;
			buildPhases = (
				863D8A3729E1C6D4004DE216 /* Sources */,
				863D8A3829E1C6D4004DE216 /* Frameworks */,
				863D8A3929E1C6D4004DE216 /* Resources */,
			);
			buildRules = (
			);
			dependencies = (
				863D8A3D29E1C6D4004DE216 /* PBXTargetDependency */,
			);
			name = inMotionUITests;
			productName = inMotionUITests;
			productReference = 863D8A3B29E1C6D4004DE216 /* inMotionUITests.xctest */;
			productType = "com.apple.product-type.bundle.ui-testing";
		};
/* End PBXNativeTarget section */

/* Begin PBXProject section */
		863D8A1929E1C6D1004DE216 /* Project object */ = {
			isa = PBXProject;
			attributes = {
				BuildIndependentTargetsInParallel = 1;
				LastSwiftUpdateCheck = 1420;
				LastUpgradeCheck = 1420;
				TargetAttributes = {
					863D8A2029E1C6D1004DE216 = {
						CreatedOnToolsVersion = 14.2;
					};
					863D8A3029E1C6D4004DE216 = {
						CreatedOnToolsVersion = 14.2;
						TestTargetID = 863D8A2029E1C6D1004DE216;
					};
					863D8A3A29E1C6D4004DE216 = {
						CreatedOnToolsVersion = 14.2;
						TestTargetID = 863D8A2029E1C6D1004DE216;
					};
				};
			};
			buildConfigurationList = 863D8A1C29E1C6D1004DE216 /* Build configuration list for PBXProject "inMotion" */;
			compatibilityVersion = "Xcode 14.0";
			developmentRegion = en;
			hasScannedForEncodings = 0;
			knownRegions = (
				en,
				Base,
			);
			mainGroup = 863D8A1829E1C6D1004DE216;
			productRefGroup = 863D8A2229E1C6D1004DE216 /* Products */;
			projectDirPath = "";
			projectRoot = "";
			targets = (
				863D8A2029E1C6D1004DE216 /* inMotion */,
				863D8A3029E1C6D4004DE216 /* inMotionTests */,
				863D8A3A29E1C6D4004DE216 /* inMotionUITests */,
			);
		};
/* End PBXProject section */

/* Begin PBXResourcesBuildPhase section */
		863D8A1F29E1C6D1004DE216 /* Resources */ = {
			isa = PBXResourcesBuildPhase;
			buildActionMask = 2147483647;
			files = (
				863D8A2C29E1C6D3004DE216 /* Preview Assets.xcassets in Resources */,
				863D8A2929E1C6D3004DE216 /* Assets.xcassets in Resources */,
			);
			runOnlyForDeploymentPostprocessing = 0;
		};
		863D8A2F29E1C6D4004DE216 /* Resources */ = {
			isa = PBXResourcesBuildPhase;
			buildActionMask = 2147483647;
			files = (
			);
			runOnlyForDeploymentPostprocessing = 0;
		};
		863D8A3929E1C6D4004DE216 /* Resources */ = {
			isa = PBXResourcesBuildPhase;
			buildActionMask = 2147483647;
			files = (
			);
			runOnlyForDeploymentPostprocessing = 0;
		};
/* End PBXResourcesBuildPhase section */

/* Begin PBXSourcesBuildPhase section */
		863D8A1D29E1C6D1004DE216 /* Sources */ = {
			isa = PBXSourcesBuildPhase;
			buildActionMask = 2147483647;
			files = (
				863D8A2729E1C6D1004DE216 /* ContentView.swift in Sources */,
				863D8A2529E1C6D1004DE216 /* inMotionApp.swift in Sources */,
			);
			runOnlyForDeploymentPostprocessing = 0;
		};
		863D8A2D29E1C6D4004DE216 /* Sources */ = {
			isa = PBXSourcesBuildPhase;
			buildActionMask = 2147483647;
			files = (
				863D8A3629E1C6D4004DE216 /* inMotionTests.swift in Sources */,
			);
			runOnlyForDeploymentPostprocessing = 0;
		};
		863D8A3729E1C6D4004DE216 /* Sources */ = {
			isa = PBXSourcesBuildPhase;
			buildActionMask = 2147483647;
			files = (
				863D8A4229E1C6D4004DE216 /* inMotionUITestsLaunchTests.swift in Sources */,
				863D8A4029E1C6D4004DE216 /* inMotionUITests.swift in Sources */,
			);
			runOnlyForDeploymentPostprocessing = 0;
		};
/* End PBXSourcesBuildPhase section */

/* Begin PBXTargetDependency section */
		863D8A3329E1C6D4004DE216 /* PBXTargetDependency */ = {
			isa = PBXTargetDependency;
			target = 863D8A2029E1C6D1004DE216 /* inMotion */;
			targetProxy = 863D8A3229E1C6D4004DE216 /* PBXContainerItemProxy */;
		};
		863D8A3D29E1C6D4004DE216 /* PBXTargetDependency */ = {
			isa = PBXTargetDependency;
			target = 863D8A2029E1C6D1004DE216 /* inMotion */;
			targetProxy = 863D8A3C29E1C6D4004DE216 /* PBXContainerItemProxy */;
		};
/* End PBXTargetDependency section */

/* Begin XCBuildConfiguration section */
		863D8A4329E1C6D4004DE216 /* Debug */ = {
			isa = XCBuildConfiguration;
			buildSettings = {
				ALWAYS_SEARCH_USER_PATHS = NO;
				CLANG_ANALYZER_NONNULL = YES;
				CLANG_ANALYZER_NUMBER_OBJECT_CONVERSION = YES_AGGRESSIVE;
				CLANG_CXX_LANGUAGE_STANDARD = "gnu++20";
				CLANG_ENABLE_MODULES = YES;
				CLANG_ENABLE_OBJC_ARC = YES;
				CLANG_ENABLE_OBJC_WEAK = YES;
				CLANG_WARN_BLOCK_CAPTURE_AUTORELEASING = YES;
				CLANG_WARN_BOOL_CONVERSION = YES;
				CLANG_WARN_COMMA = YES;
				CLANG_WARN_CONSTANT_CONVERSION = YES;
				CLANG_WARN_DEPRECATED_OBJC_IMPLEMENTATIONS = YES;
				CLANG_WARN_DIRECT_OBJC_ISA_USAGE = YES_ERROR;
				CLANG_WARN_DOCUMENTATION_COMMENTS = YES;
				CLANG_WARN_EMPTY_BODY = YES;
				CLANG_WARN_ENUM_CONVERSION = YES;
				CLANG_WARN_INFINITE_RECURSION = YES;
				CLANG_WARN_INT_CONVERSION = YES;
				CLANG_WARN_NON_LITERAL_NULL_CONVERSION = YES;
				CLANG_WARN_OBJC_IMPLICIT_RETAIN_SELF = YES;
				CLANG_WARN_OBJC_LITERAL_CONVERSION = YES;
				CLANG_WARN_OBJC_ROOT_CLASS = YES_ERROR;
				CLANG_WARN_QUOTED_INCLUDE_IN_FRAMEWORK_HEADER = YES;
				CLANG_WARN_RANGE_LOOP_ANALYSIS = YES;
				CLANG_WARN_STRICT_PROTOTYPES = YES;
				CLANG_WARN_SUSPICIOUS_MOVE = YES;
				CLANG_WARN_UNGUARDED_AVAILABILITY = YES_AGGRESSIVE;
				CLANG_WARN_UNREACHABLE_CODE = YES;
				CLANG_WARN__DUPLICATE_METHOD_MATCH = YES;
				COPY_PHASE_STRIP = NO;
				DEBUG_INFORMATION_FORMAT = dwarf;
				ENABLE_STRICT_OBJC_MSGSEND = YES;
				ENABLE_TESTABILITY = YES;
				GCC_C_LANGUAGE_STANDARD = gnu11;
				GCC_DYNAMIC_NO_PIC = NO;
				GCC_NO_COMMON_BLOCKS = YES;
				GCC_OPTIMIZATION_LEVEL = 0;
				GCC_PREPROCESSOR_DEFINITIONS = (
					"DEBUG=1",
					"$(inherited)",
				);
				GCC_WARN_64_TO_32_BIT_CONVERSION = YES;
				GCC_WARN_ABOUT_RETURN_TYPE = YES_ERROR;
				GCC_WARN_UNDECLARED_SELECTOR = YES;
				GCC_WARN_UNINITIALIZED_AUTOS = YES_AGGRESSIVE;
				GCC_WARN_UNUSED_FUNCTION = YES;
				GCC_WARN_UNUSED_VARIABLE = YES;
				IPHONEOS_DEPLOYMENT_TARGET = 16.2;
				MTL_ENABLE_DEBUG_INFO = INCLUDE_SOURCE;
				MTL_FAST_MATH = YES;
				ONLY_ACTIVE_ARCH = YES;
				SDKROOT = iphoneos;
				SWIFT_ACTIVE_COMPILATION_CONDITIONS = DEBUG;
				SWIFT_OPTIMIZATION_LEVEL = "-Onone";
			};
			name = Debug;
		};
		863D8A4429E1C6D4004DE216 /* Release */ = {
			isa = XCBuildConfiguration;
			buildSettings = {
				ALWAYS_SEARCH_USER_PATHS = NO;
				CLANG_ANALYZER_NONNULL = YES;
				CLANG_ANALYZER_NUMBER_OBJECT_CONVERSION = YES_AGGRESSIVE;
				CLANG_CXX_LANGUAGE_STANDARD = "gnu++20";
				CLANG_ENABLE_MODULES = YES;
				CLANG_ENABLE_OBJC_ARC = YES;
				CLANG_ENABLE_OBJC_WEAK = YES;
				CLANG_WARN_BLOCK_CAPTURE_AUTORELEASING = YES;
				CLANG_WARN_BOOL_CONVERSION = YES;
				CLANG_WARN_COMMA = YES;
				CLANG_WARN_CONSTANT_CONVERSION = YES;
				CLANG_WARN_DEPRECATED_OBJC_IMPLEMENTATIONS = YES;
				CLANG_WARN_DIRECT_OBJC_ISA_USAGE = YES_ERROR;
				CLANG_WARN_DOCUMENTATION_COMMENTS = YES;
				CLANG_WARN_EMPTY_BODY = YES;
				CLANG_WARN_ENUM_CONVERSION = YES;
				CLANG_WARN_INFINITE_RECURSION = YES;
				CLANG_WARN_INT_CONVERSION = YES;
				CLANG_WARN_NON_LITERAL_NULL_CONVERSION = YES;
				CLANG_WARN_OBJC_IMPLICIT_RETAIN_SELF = YES;
				CLANG_WARN_OBJC_LITERAL_CONVERSION = YES;
				CLANG_WARN_OBJC_ROOT_CLASS = YES_ERROR;
				CLANG_WARN_QUOTED_INCLUDE_IN_FRAMEWORK_HEADER = YES;
				CLANG_WARN_RANGE_LOOP_ANALYSIS = YES;
				CLANG_WARN_STRICT_PROTOTYPES = YES;
				CLANG_WARN_SUSPICIOUS_MOVE = YES;
				CLANG_WARN_UNGUARDED_AVAILABILITY = YES_AGGRESSIVE;
				CLANG_WARN_UNREACHABLE_CODE = YES;
				CLANG_WARN__DUPLICATE_METHOD_MATCH = YES;
				COPY_PHASE_STRIP = NO;
				DEBUG_INFORMATION_FORMAT = "dwarf-with-dsym";
				ENABLE_NS_ASSERTIONS = NO;
				ENABLE_STRICT_OBJC_MSGSEND = YES;
				GCC_C_LANGUAGE_STANDARD = gnu11;
				GCC_NO_COMMON_BLOCKS = YES;
				GCC_WARN_64_TO_32_BIT_CONVERSION = YES;
				GCC_WARN_ABOUT_RETURN_TYPE = YES_ERROR;
				GCC_WARN_UNDECLARED_SELECTOR = YES;
				GCC_WARN_UNINITIALIZED_AUTOS = YES_AGGRESSIVE;
				GCC_WARN_UNUSED_FUNCTION = YES;
				GCC_WARN_UNUSED_VARIABLE = YES;
				IPHONEOS_DEPLOYMENT_TARGET = 16.2;
				MTL_ENABLE_DEBUG_INFO = NO;
				MTL_FAST_MATH = YES;
				SDKROOT = iphoneos;
				SWIFT_COMPILATION_MODE = wholemodule;
				SWIFT_OPTIMIZATION_LEVEL = "-O";
				VALIDATE_PRODUCT = YES;
			};
			name = Release;
		};
		863D8A4629E1C6D4004DE216 /* Debug */ = {
			isa = XCBuildConfiguration;
			buildSettings = {
				ASSETCATALOG_COMPILER_APPICON_NAME = AppIcon;
				ASSETCATALOG_COMPILER_GLOBAL_ACCENT_COLOR_NAME = AccentColor;
				CODE_SIGN_STYLE = Automatic;
				CURRENT_PROJECT_VERSION = 1;
				DEVELOPMENT_ASSET_PATHS = "\"inMotion/Preview Content\"";
				ENABLE_PREVIEWS = YES;
				GENERATE_INFOPLIST_FILE = YES;
				INFOPLIST_KEY_UIApplicationSceneManifest_Generation = YES;
				INFOPLIST_KEY_UIApplicationSupportsIndirectInputEvents = YES;
				INFOPLIST_KEY_UILaunchScreen_Generation = YES;
				INFOPLIST_KEY_UISupportedInterfaceOrientations_iPad = "UIInterfaceOrientationPortrait UIInterfaceOrientationPortraitUpsideDown UIInterfaceOrientationLandscapeLeft UIInterfaceOrientationLandscapeRight";
				INFOPLIST_KEY_UISupportedInterfaceOrientations_iPhone = "UIInterfaceOrientationPortrait UIInterfaceOrientationLandscapeLeft UIInterfaceOrientationLandscapeRight";
				LD_RUNPATH_SEARCH_PATHS = (
					"$(inherited)",
					"@executable_path/Frameworks",
				);
				MARKETING_VERSION = 1.0;
				PRODUCT_BUNDLE_IDENTIFIER = com.inmotion.inMotion;
				PRODUCT_NAME = "$(TARGET_NAME)";
				SWIFT_EMIT_LOC_STRINGS = YES;
				SWIFT_VERSION = 5.0;
				TARGETED_DEVICE_FAMILY = "1,2";
			};
			name = Debug;
		};
		863D8A4729E1C6D4004DE216 /* Release */ = {
			isa = XCBuildConfiguration;
			buildSettings = {
				ASSETCATALOG_COMPILER_APPICON_NAME = AppIcon;
				ASSETCATALOG_COMPILER_GLOBAL_ACCENT_COLOR_NAME = AccentColor;
				CODE_SIGN_STYLE = Automatic;
				CURRENT_PROJECT_VERSION = 1;
				DEVELOPMENT_ASSET_PATHS = "\"inMotion/Preview Content\"";
				ENABLE_PREVIEWS = YES;
				GENERATE_INFOPLIST_FILE = YES;
				INFOPLIST_KEY_UIApplicationSceneManifest_Generation = YES;
				INFOPLIST_KEY_UIApplicationSupportsIndirectInputEvents = YES;
				INFOPLIST_KEY_UILaunchScreen_Generation = YES;
				INFOPLIST_KEY_UISupportedInterfaceOrientations_iPad = "UIInterfaceOrientationPortrait UIInterfaceOrientationPortraitUpsideDown UIInterfaceOrientationLandscapeLeft UIInterfaceOrientationLandscapeRight";
				INFOPLIST_KEY_UISupportedInterfaceOrientations_iPhone = "UIInterfaceOrientationPortrait UIInterfaceOrientationLandscapeLeft UIInterfaceOrientationLandscapeRight";
				LD_RUNPATH_SEARCH_PATHS = (
					"$(inherited)",
					"@executable_path/Frameworks",
				);
				MARKETING_VERSION = 1.0;
				PRODUCT_BUNDLE_IDENTIFIER = com.inmotion.inMotion;
				PRODUCT_NAME = "$(TARGET_NAME)";
				SWIFT_EMIT_LOC_STRINGS = YES;
				SWIFT_VERSION = 5.0;
				TARGETED_DEVICE_FAMILY = "1,2";
			};
			name = Release;
		};
		863D8A4929E1C6D4004DE216 /* Debug */ = {
			isa = XCBuildConfiguration;
			buildSettings = {
				ALWAYS_EMBED_SWIFT_STANDARD_LIBRARIES = YES;
				BUNDLE_LOADER = "$(TEST_HOST)";
				CODE_SIGN_STYLE = Automatic;
				CURRENT_PROJECT_VERSION = 1;
				GENERATE_INFOPLIST_FILE = YES;
				IPHONEOS_DEPLOYMENT_TARGET = 16.2;
				MARKETING_VERSION = 1.0;
				PRODUCT_BUNDLE_IDENTIFIER = com.inmotion.inMotionTests;
				PRODUCT_NAME = "$(TARGET_NAME)";
				SWIFT_EMIT_LOC_STRINGS = NO;
				SWIFT_VERSION = 5.0;
				TARGETED_DEVICE_FAMILY = "1,2";
				TEST_HOST = "$(BUILT_PRODUCTS_DIR)/inMotion.app/$(BUNDLE_EXECUTABLE_FOLDER_PATH)/inMotion";
			};
			name = Debug;
		};
		863D8A4A29E1C6D4004DE216 /* Release */ = {
			isa = XCBuildConfiguration;
			buildSettings = {
				ALWAYS_EMBED_SWIFT_STANDARD_LIBRARIES = YES;
				BUNDLE_LOADER = "$(TEST_HOST)";
				CODE_SIGN_STYLE = Automatic;
				CURRENT_PROJECT_VERSION = 1;
				GENERATE_INFOPLIST_FILE = YES;
				IPHONEOS_DEPLOYMENT_TARGET = 16.2;
				MARKETING_VERSION = 1.0;
				PRODUCT_BUNDLE_IDENTIFIER = com.inmotion.inMotionTests;
				PRODUCT_NAME = "$(TARGET_NAME)";
				SWIFT_EMIT_LOC_STRINGS = NO;
				SWIFT_VERSION = 5.0;
				TARGETED_DEVICE_FAMILY = "1,2";
				TEST_HOST = "$(BUILT_PRODUCTS_DIR)/inMotion.app/$(BUNDLE_EXECUTABLE_FOLDER_PATH)/inMotion";
			};
			name = Release;
		};
		863D8A4C29E1C6D4004DE216 /* Debug */ = {
			isa = XCBuildConfiguration;
			buildSettings = {
				ALWAYS_EMBED_SWIFT_STANDARD_LIBRARIES = YES;
				CODE_SIGN_STYLE = Automatic;
				CURRENT_PROJECT_VERSION = 1;
				GENERATE_INFOPLIST_FILE = YES;
				MARKETING_VERSION = 1.0;
				PRODUCT_BUNDLE_IDENTIFIER = com.inmotion.inMotionUITests;
				PRODUCT_NAME = "$(TARGET_NAME)";
				SWIFT_EMIT_LOC_STRINGS = NO;
				SWIFT_VERSION = 5.0;
				TARGETED_DEVICE_FAMILY = "1,2";
				TEST_TARGET_NAME = inMotion;
			};
			name = Debug;
		};
		863D8A4D29E1C6D4004DE216 /* Release */ = {
			isa = XCBuildConfiguration;
			buildSettings = {
				ALWAYS_EMBED_SWIFT_STANDARD_LIBRARIES = YES;
				CODE_SIGN_STYLE = Automatic;
				CURRENT_PROJECT_VERSION = 1;
				GENERATE_INFOPLIST_FILE = YES;
				MARKETING_VERSION = 1.0;
				PRODUCT_BUNDLE_IDENTIFIER = com.inmotion.inMotionUITests;
				PRODUCT_NAME = "$(TARGET_NAME)";
				SWIFT_EMIT_LOC_STRINGS = NO;
				SWIFT_VERSION = 5.0;
				TARGETED_DEVICE_FAMILY = "1,2";
				TEST_TARGET_NAME = inMotion;
			};
			name = Release;
		};
/* End XCBuildConfiguration section */

/* Begin XCConfigurationList section */
		863D8A1C29E1C6D1004DE216 /* Build configuration list for PBXProject "inMotion" */ = {
			isa = XCConfigurationList;
			buildConfigurations = (
				863D8A4329E1C6D4004DE216 /* Debug */,
				863D8A4429E1C6D4004DE216 /* Release */,
			);
			defaultConfigurationIsVisible = 0;
			defaultConfigurationName = Release;
		};
		863D8A4529E1C6D4004DE216 /* Build configuration list for PBXNativeTarget "inMotion" */ = {
			isa = XCConfigurationList;
			buildConfigurations = (
				863D8A4629E1C6D4004DE216 /* Debug */,
				863D8A4729E1C6D4004DE216 /* Release */,
			);
			defaultConfigurationIsVisible = 0;
			defaultConfigurationName = Release;
		};
		863D8A4829E1C6D4004DE216 /* Build configuration list for PBXNativeTarget "inMotionTests" */ = {
			isa = XCConfigurationList;
			buildConfigurations = (
				863D8A4929E1C6D4004DE216 /* Debug */,
				863D8A4A29E1C6D4004DE216 /* Release */,
			);
			defaultConfigurationIsVisible = 0;
			defaultConfigurationName = Release;
		};
		863D8A4B29E1C6D4004DE216 /* Build configuration list for PBXNativeTarget "inMotionUITests" */ = {
			isa = XCConfigurationList;
			buildConfigurations = (
				863D8A4C29E1C6D4004DE216 /* Debug */,
				863D8A4D29E1C6D4004DE216 /* Release */,
			);
			defaultConfigurationIsVisible = 0;
			defaultConfigurationName = Release;
		};
/* End XCConfigurationList section */
	};
	rootObject = 863D8A1929E1C6D1004DE216 /* Project object */;
}
